// !$*UTF8*$!
{
	archiveVersion = 1;
	classes = {
	};
	objectVersion = 54;
	objects = {

/* Begin PBXBuildFile section */
		41022ADA26B32AAC00F20185 /* Tests_iOS.swift in Sources */ = {isa = PBXBuildFile; fileRef = 41022AD926B32AAC00F20185 /* Tests_iOS.swift */; };
		41022AE526B32AAC00F20185 /* Tests_macOS.swift in Sources */ = {isa = PBXBuildFile; fileRef = 41022AE426B32AAC00F20185 /* Tests_macOS.swift */; };
		41022AE726B32AAC00F20185 /* GetTokens_SwiftUIApp.swift in Sources */ = {isa = PBXBuildFile; fileRef = 41022ABE26B32AAA00F20185 /* GetTokens_SwiftUIApp.swift */; };
		41022AE826B32AAC00F20185 /* GetTokens_SwiftUIApp.swift in Sources */ = {isa = PBXBuildFile; fileRef = 41022ABE26B32AAA00F20185 /* GetTokens_SwiftUIApp.swift */; };
		41022AE926B32AAC00F20185 /* ContentView.swift in Sources */ = {isa = PBXBuildFile; fileRef = 41022ABF26B32AAA00F20185 /* ContentView.swift */; };
		41022AEB26B32AAC00F20185 /* Assets.xcassets in Resources */ = {isa = PBXBuildFile; fileRef = 41022AC026B32AAC00F20185 /* Assets.xcassets */; };
		41022AEC26B32AAC00F20185 /* Assets.xcassets in Resources */ = {isa = PBXBuildFile; fileRef = 41022AC026B32AAC00F20185 /* Assets.xcassets */; };
		41022AFC26B3314400F20185 /* Constants.swift in Sources */ = {isa = PBXBuildFile; fileRef = 41022AFB26B3314400F20185 /* Constants.swift */; };
		41022AFD26B3314400F20185 /* Constants.swift in Sources */ = {isa = PBXBuildFile; fileRef = 41022AFB26B3314400F20185 /* Constants.swift */; };
		41022B0526B3612D00F20185 /* OPConfiguration.swift in Sources */ = {isa = PBXBuildFile; fileRef = 41022B0426B3612D00F20185 /* OPConfiguration.swift */; };
		41022B0626B3612D00F20185 /* OPConfiguration.swift in Sources */ = {isa = PBXBuildFile; fileRef = 41022B0426B3612D00F20185 /* OPConfiguration.swift */; };
		41022B0826B3627500F20185 /* ContentInteractor.swift in Sources */ = {isa = PBXBuildFile; fileRef = 41022B0726B3627500F20185 /* ContentInteractor.swift */; };
		41022B0926B3627500F20185 /* ContentInteractor.swift in Sources */ = {isa = PBXBuildFile; fileRef = 41022B0726B3627500F20185 /* ContentInteractor.swift */; };
		41022B0C26B364C900F20185 /* ErrorUtilities.swift in Sources */ = {isa = PBXBuildFile; fileRef = 41022B0B26B364C900F20185 /* ErrorUtilities.swift */; };
		41022B0D26B364C900F20185 /* ErrorUtilities.swift in Sources */ = {isa = PBXBuildFile; fileRef = 41022B0B26B364C900F20185 /* ErrorUtilities.swift */; };
		41022B0F26B3974A00F20185 /* ContentPresenter.swift in Sources */ = {isa = PBXBuildFile; fileRef = 41022B0E26B3974A00F20185 /* ContentPresenter.swift */; };
		41022B1026B3974A00F20185 /* ContentPresenter.swift in Sources */ = {isa = PBXBuildFile; fileRef = 41022B0E26B3974A00F20185 /* ContentPresenter.swift */; };
		41022B1226B39CC300F20185 /* ConfigurationUtilities.swift in Sources */ = {isa = PBXBuildFile; fileRef = 41022B1126B39CC300F20185 /* ConfigurationUtilities.swift */; };
		41022B1326B39CC300F20185 /* ConfigurationUtilities.swift in Sources */ = {isa = PBXBuildFile; fileRef = 41022B1126B39CC300F20185 /* ConfigurationUtilities.swift */; };
		41022B1926B4965600F20185 /* AuthState.swift in Sources */ = {isa = PBXBuildFile; fileRef = 41022B1826B4965600F20185 /* AuthState.swift */; };
		41022B1A26B4965600F20185 /* AuthState.swift in Sources */ = {isa = PBXBuildFile; fileRef = 41022B1826B4965600F20185 /* AuthState.swift */; };
		412D676926C73ADD00421560 /* ASN1DERParsing.swift in Sources */ = {isa = PBXBuildFile; fileRef = 412D672E26C73ADC00421560 /* ASN1DERParsing.swift */; };
		412D676A26C73ADD00421560 /* RSAKeyCodable.swift in Sources */ = {isa = PBXBuildFile; fileRef = 412D672F26C73ADC00421560 /* RSAKeyCodable.swift */; };
		412D676B26C73ADD00421560 /* RSAVerifier.swift in Sources */ = {isa = PBXBuildFile; fileRef = 412D673026C73ADC00421560 /* RSAVerifier.swift */; };
		412D676C26C73ADD00421560 /* Deserializer.swift in Sources */ = {isa = PBXBuildFile; fileRef = 412D673126C73ADC00421560 /* Deserializer.swift */; };
		412D676D26C73ADD00421560 /* JWKSetCodable.swift in Sources */ = {isa = PBXBuildFile; fileRef = 412D673226C73ADC00421560 /* JWKSetCodable.swift */; };
		412D676E26C73ADD00421560 /* SymmetricKeyCodable.swift in Sources */ = {isa = PBXBuildFile; fileRef = 412D673326C73ADC00421560 /* SymmetricKeyCodable.swift */; };
		412D676F26C73ADD00421560 /* Verifier.swift in Sources */ = {isa = PBXBuildFile; fileRef = 412D673426C73ADC00421560 /* Verifier.swift */; };
		412D677026C73ADD00421560 /* AESCBCEncryption.swift in Sources */ = {isa = PBXBuildFile; fileRef = 412D673526C73ADC00421560 /* AESCBCEncryption.swift */; };
		412D677126C73ADD00421560 /* JWKSet.swift in Sources */ = {isa = PBXBuildFile; fileRef = 412D673626C73ADC00421560 /* JWKSet.swift */; };
		412D677226C73ADD00421560 /* RSAKeyEncryptionMode.swift in Sources */ = {isa = PBXBuildFile; fileRef = 412D673726C73ADC00421560 /* RSAKeyEncryptionMode.swift */; };
		412D677326C73ADD00421560 /* KeyManagementMode.swift in Sources */ = {isa = PBXBuildFile; fileRef = 412D673826C73ADC00421560 /* KeyManagementMode.swift */; };
		412D677426C73ADD00421560 /* RSAKeys.swift in Sources */ = {isa = PBXBuildFile; fileRef = 412D673926C73ADC00421560 /* RSAKeys.swift */; };
		412D677526C73ADD00421560 /* JWSHeader.swift in Sources */ = {isa = PBXBuildFile; fileRef = 412D673A26C73ADC00421560 /* JWSHeader.swift */; };
		412D677626C73ADD00421560 /* HMACSigner.swift in Sources */ = {isa = PBXBuildFile; fileRef = 412D673B26C73ADC00421560 /* HMACSigner.swift */; };
		412D677726C73ADD00421560 /* HMACVerifier.swift in Sources */ = {isa = PBXBuildFile; fileRef = 412D673C26C73ADC00421560 /* HMACVerifier.swift */; };
		412D677826C73ADD00421560 /* JOSESwiftError.swift in Sources */ = {isa = PBXBuildFile; fileRef = 412D673D26C73ADC00421560 /* JOSESwiftError.swift */; };
		412D677926C73ADD00421560 /* DataConvertible.swift in Sources */ = {isa = PBXBuildFile; fileRef = 412D673E26C73ADC00421560 /* DataConvertible.swift */; };
		412D677A26C73ADD00421560 /* Compressor.swift in Sources */ = {isa = PBXBuildFile; fileRef = 412D673F26C73ADC00421560 /* Compressor.swift */; };
		412D677B26C73ADD00421560 /* ECKeyCodable.swift in Sources */ = {isa = PBXBuildFile; fileRef = 412D674026C73ADC00421560 /* ECKeyCodable.swift */; };
		412D677C26C73ADD00421560 /* RSA.swift in Sources */ = {isa = PBXBuildFile; fileRef = 412D674226C73ADC00421560 /* RSA.swift */; };
		412D677D26C73ADD00421560 /* SecKeyECPrivateKey.swift in Sources */ = {isa = PBXBuildFile; fileRef = 412D674326C73ADC00421560 /* SecKeyECPrivateKey.swift */; };
		412D677E26C73ADD00421560 /* AES.swift in Sources */ = {isa = PBXBuildFile; fileRef = 412D674426C73ADC00421560 /* AES.swift */; };
		412D677F26C73ADD00421560 /* SecKeyECPublicKey.swift in Sources */ = {isa = PBXBuildFile; fileRef = 412D674526C73ADC00421560 /* SecKeyECPublicKey.swift */; };
		412D678026C73ADD00421560 /* HMAC.swift in Sources */ = {isa = PBXBuildFile; fileRef = 412D674626C73ADC00421560 /* HMAC.swift */; };
		412D678126C73ADD00421560 /* DataECPrivateKey.swift in Sources */ = {isa = PBXBuildFile; fileRef = 412D674726C73ADC00421560 /* DataECPrivateKey.swift */; };
		412D678226C73ADD00421560 /* SecureRandom.swift in Sources */ = {isa = PBXBuildFile; fileRef = 412D674826C73ADC00421560 /* SecureRandom.swift */; };
		412D678326C73ADD00421560 /* EC.swift in Sources */ = {isa = PBXBuildFile; fileRef = 412D674926C73ADC00421560 /* EC.swift */; };
		412D678426C73ADD00421560 /* DataSymmetricKey.swift in Sources */ = {isa = PBXBuildFile; fileRef = 412D674A26C73ADC00421560 /* DataSymmetricKey.swift */; };
		412D678526C73ADD00421560 /* DataRSAPublicKey.swift in Sources */ = {isa = PBXBuildFile; fileRef = 412D674B26C73ADC00421560 /* DataRSAPublicKey.swift */; };
		412D678626C73ADD00421560 /* Thumbprint.swift in Sources */ = {isa = PBXBuildFile; fileRef = 412D674C26C73ADC00421560 /* Thumbprint.swift */; };
		412D678726C73ADD00421560 /* DataECPublicKey.swift in Sources */ = {isa = PBXBuildFile; fileRef = 412D674D26C73ADC00421560 /* DataECPublicKey.swift */; };
		412D678826C73ADD00421560 /* SecKeyRSAPublicKey.swift in Sources */ = {isa = PBXBuildFile; fileRef = 412D674E26C73ADC00421560 /* SecKeyRSAPublicKey.swift */; };
		412D678926C73ADD00421560 /* JWS.swift in Sources */ = {isa = PBXBuildFile; fileRef = 412D674F26C73ADC00421560 /* JWS.swift */; };
		412D678A26C73ADD00421560 /* Signer.swift in Sources */ = {isa = PBXBuildFile; fileRef = 412D675026C73ADC00421560 /* Signer.swift */; };
		412D678B26C73ADD00421560 /* Serializer.swift in Sources */ = {isa = PBXBuildFile; fileRef = 412D675126C73ADC00421560 /* Serializer.swift */; };
		412D678C26C73ADD00421560 /* ECSigner.swift in Sources */ = {isa = PBXBuildFile; fileRef = 412D675226C73ADC00421560 /* ECSigner.swift */; };
		412D678D26C73ADD00421560 /* RSASigner.swift in Sources */ = {isa = PBXBuildFile; fileRef = 412D675326C73ADC00421560 /* RSASigner.swift */; };
		412D678E26C73ADD00421560 /* SymmetricKeys.swift in Sources */ = {isa = PBXBuildFile; fileRef = 412D675426C73ADC00421560 /* SymmetricKeys.swift */; };
		412D678F26C73ADD00421560 /* ECVerifier.swift in Sources */ = {isa = PBXBuildFile; fileRef = 412D675526C73ADC00421560 /* ECVerifier.swift */; };
		412D679026C73ADD00421560 /* JWE.swift in Sources */ = {isa = PBXBuildFile; fileRef = 412D675626C73ADC00421560 /* JWE.swift */; };
		412D679126C73ADD00421560 /* JWKExtensions.swift in Sources */ = {isa = PBXBuildFile; fileRef = 412D675726C73ADC00421560 /* JWKExtensions.swift */; };
		412D679226C73ADD00421560 /* ECKeys.swift in Sources */ = {isa = PBXBuildFile; fileRef = 412D675826C73ADC00421560 /* ECKeys.swift */; };
		412D679326C73ADD00421560 /* JOSEHeader.swift in Sources */ = {isa = PBXBuildFile; fileRef = 412D675926C73ADC00421560 /* JOSEHeader.swift */; };
		412D679426C73ADD00421560 /* Encrypter.swift in Sources */ = {isa = PBXBuildFile; fileRef = 412D675A26C73ADC00421560 /* Encrypter.swift */; };
		412D679526C73ADD00421560 /* Payload.swift in Sources */ = {isa = PBXBuildFile; fileRef = 412D675B26C73ADC00421560 /* Payload.swift */; };
		412D679626C73ADD00421560 /* ASN1DEREncoding.swift in Sources */ = {isa = PBXBuildFile; fileRef = 412D675C26C73ADC00421560 /* ASN1DEREncoding.swift */; };
		412D679726C73ADD00421560 /* Decrypter.swift in Sources */ = {isa = PBXBuildFile; fileRef = 412D675D26C73ADD00421560 /* Decrypter.swift */; };
		412D679826C73ADD00421560 /* JWK.swift in Sources */ = {isa = PBXBuildFile; fileRef = 412D675E26C73ADD00421560 /* JWK.swift */; };
		412D679926C73ADD00421560 /* AlgorithmExtensions.swift in Sources */ = {isa = PBXBuildFile; fileRef = 412D675F26C73ADD00421560 /* AlgorithmExtensions.swift */; };
		412D679A26C73ADD00421560 /* ContentEncryption.swift in Sources */ = {isa = PBXBuildFile; fileRef = 412D676026C73ADD00421560 /* ContentEncryption.swift */; };
		412D679B26C73ADD00421560 /* AESKeyWrappingMode.swift in Sources */ = {isa = PBXBuildFile; fileRef = 412D676126C73ADD00421560 /* AESKeyWrappingMode.swift */; };
		412D679C26C73ADD00421560 /* JWEHeader.swift in Sources */ = {isa = PBXBuildFile; fileRef = 412D676226C73ADD00421560 /* JWEHeader.swift */; };
		412D679D26C73ADD00421560 /* DirectEncryptionMode.swift in Sources */ = {isa = PBXBuildFile; fileRef = 412D676326C73ADD00421560 /* DirectEncryptionMode.swift */; };
		412D679E26C73ADD00421560 /* JWKParameters.swift in Sources */ = {isa = PBXBuildFile; fileRef = 412D676426C73ADD00421560 /* JWKParameters.swift */; };
		412D679F26C73ADD00421560 /* DataExtensions.swift in Sources */ = {isa = PBXBuildFile; fileRef = 412D676526C73ADD00421560 /* DataExtensions.swift */; };
		412D67A026C73ADD00421560 /* Algorithms.swift in Sources */ = {isa = PBXBuildFile; fileRef = 412D676626C73ADD00421560 /* Algorithms.swift */; };
		412D67A126C73ADD00421560 /* DeflateWrapper.swift in Sources */ = {isa = PBXBuildFile; fileRef = 412D676826C73ADD00421560 /* DeflateWrapper.swift */; };
		4134E04C26CC2D0D00F53105 /* ContentView.swift in Sources */ = {isa = PBXBuildFile; fileRef = 4143BEB126BDEFF0009AC042 /* ContentView.swift */; };
		4134E04D26CC2D6C00F53105 /* ASN1DEREncoding.swift in Sources */ = {isa = PBXBuildFile; fileRef = 412D675C26C73ADC00421560 /* ASN1DEREncoding.swift */; };
		4134E04E26CC2D6C00F53105 /* ASN1DERParsing.swift in Sources */ = {isa = PBXBuildFile; fileRef = 412D672E26C73ADC00421560 /* ASN1DERParsing.swift */; };
		4134E04F26CC2D6C00F53105 /* AlgorithmExtensions.swift in Sources */ = {isa = PBXBuildFile; fileRef = 412D675F26C73ADD00421560 /* AlgorithmExtensions.swift */; };
		4134E05026CC2D6C00F53105 /* AESKeyWrappingMode.swift in Sources */ = {isa = PBXBuildFile; fileRef = 412D676126C73ADD00421560 /* AESKeyWrappingMode.swift */; };
		4134E05126CC2D6C00F53105 /* AESCBCEncryption.swift in Sources */ = {isa = PBXBuildFile; fileRef = 412D673526C73ADC00421560 /* AESCBCEncryption.swift */; };
		4134E05226CC2D6C00F53105 /* Algorithms.swift in Sources */ = {isa = PBXBuildFile; fileRef = 412D676626C73ADD00421560 /* Algorithms.swift */; };
		4134E05326CC2D8100F53105 /* Compressor.swift in Sources */ = {isa = PBXBuildFile; fileRef = 412D673F26C73ADC00421560 /* Compressor.swift */; };
		4134E05426CC2D8100F53105 /* ContentEncryption.swift in Sources */ = {isa = PBXBuildFile; fileRef = 412D676026C73ADD00421560 /* ContentEncryption.swift */; };
		4134E05526CC2D8900F53105 /* Signer.swift in Sources */ = {isa = PBXBuildFile; fileRef = 412D675026C73ADC00421560 /* Signer.swift */; };
		4134E05626CC2D8900F53105 /* ECVerifier.swift in Sources */ = {isa = PBXBuildFile; fileRef = 412D675526C73ADC00421560 /* ECVerifier.swift */; };
		4134E05726CC2D8900F53105 /* RSAVerifier.swift in Sources */ = {isa = PBXBuildFile; fileRef = 412D673026C73ADC00421560 /* RSAVerifier.swift */; };
		4134E05826CC2D8900F53105 /* JWKParameters.swift in Sources */ = {isa = PBXBuildFile; fileRef = 412D676426C73ADD00421560 /* JWKParameters.swift */; };
		4134E05926CC2D8900F53105 /* Decrypter.swift in Sources */ = {isa = PBXBuildFile; fileRef = 412D675D26C73ADD00421560 /* Decrypter.swift */; };
		4134E05A26CC2D8900F53105 /* JWK.swift in Sources */ = {isa = PBXBuildFile; fileRef = 412D675E26C73ADD00421560 /* JWK.swift */; };
		4134E05B26CC2D8900F53105 /* JWKSetCodable.swift in Sources */ = {isa = PBXBuildFile; fileRef = 412D673226C73ADC00421560 /* JWKSetCodable.swift */; };
		4134E05C26CC2D8900F53105 /* ECSigner.swift in Sources */ = {isa = PBXBuildFile; fileRef = 412D675226C73ADC00421560 /* ECSigner.swift */; };
		4134E05D26CC2D8900F53105 /* RSASigner.swift in Sources */ = {isa = PBXBuildFile; fileRef = 412D675326C73ADC00421560 /* RSASigner.swift */; };
		4134E05E26CC2D8900F53105 /* DataConvertible.swift in Sources */ = {isa = PBXBuildFile; fileRef = 412D673E26C73ADC00421560 /* DataConvertible.swift */; };
		4134E05F26CC2D8900F53105 /* Verifier.swift in Sources */ = {isa = PBXBuildFile; fileRef = 412D673426C73ADC00421560 /* Verifier.swift */; };
		4134E06026CC2D8900F53105 /* Deserializer.swift in Sources */ = {isa = PBXBuildFile; fileRef = 412D673126C73ADC00421560 /* Deserializer.swift */; };
		4134E06126CC2D8900F53105 /* Encrypter.swift in Sources */ = {isa = PBXBuildFile; fileRef = 412D675A26C73ADC00421560 /* Encrypter.swift */; };
		4134E06226CC2D8900F53105 /* JWKSet.swift in Sources */ = {isa = PBXBuildFile; fileRef = 412D673626C73ADC00421560 /* JWKSet.swift */; };
		4134E06326CC2D8900F53105 /* RSAKeys.swift in Sources */ = {isa = PBXBuildFile; fileRef = 412D673926C73ADC00421560 /* RSAKeys.swift */; };
		4134E06426CC2D8900F53105 /* RSAKeyEncryptionMode.swift in Sources */ = {isa = PBXBuildFile; fileRef = 412D673726C73ADC00421560 /* RSAKeyEncryptionMode.swift */; };
		4134E06526CC2D8900F53105 /* SymmetricKeys.swift in Sources */ = {isa = PBXBuildFile; fileRef = 412D675426C73ADC00421560 /* SymmetricKeys.swift */; };
		4134E06626CC2D8900F53105 /* HMACVerifier.swift in Sources */ = {isa = PBXBuildFile; fileRef = 412D673C26C73ADC00421560 /* HMACVerifier.swift */; };
		4134E06726CC2D8900F53105 /* Payload.swift in Sources */ = {isa = PBXBuildFile; fileRef = 412D675B26C73ADC00421560 /* Payload.swift */; };
		4134E06826CC2D8900F53105 /* Serializer.swift in Sources */ = {isa = PBXBuildFile; fileRef = 412D675126C73ADC00421560 /* Serializer.swift */; };
		4134E06926CC2D8900F53105 /* JWKExtensions.swift in Sources */ = {isa = PBXBuildFile; fileRef = 412D675726C73ADC00421560 /* JWKExtensions.swift */; };
		4134E06A26CC2D8900F53105 /* HMACSigner.swift in Sources */ = {isa = PBXBuildFile; fileRef = 412D673B26C73ADC00421560 /* HMACSigner.swift */; };
		4134E06B26CC2D8900F53105 /* RSAKeyCodable.swift in Sources */ = {isa = PBXBuildFile; fileRef = 412D672F26C73ADC00421560 /* RSAKeyCodable.swift */; };
		4134E06C26CC2D8900F53105 /* ECKeys.swift in Sources */ = {isa = PBXBuildFile; fileRef = 412D675826C73ADC00421560 /* ECKeys.swift */; };
		4134E06D26CC2D8900F53105 /* JOSEHeader.swift in Sources */ = {isa = PBXBuildFile; fileRef = 412D675926C73ADC00421560 /* JOSEHeader.swift */; };
		4134E06E26CC2D8900F53105 /* SymmetricKeyCodable.swift in Sources */ = {isa = PBXBuildFile; fileRef = 412D673326C73ADC00421560 /* SymmetricKeyCodable.swift */; };
		4134E06F26CC2D8900F53105 /* DirectEncryptionMode.swift in Sources */ = {isa = PBXBuildFile; fileRef = 412D676326C73ADD00421560 /* DirectEncryptionMode.swift */; };
		4134E07026CC2D8900F53105 /* JOSESwiftError.swift in Sources */ = {isa = PBXBuildFile; fileRef = 412D673D26C73ADC00421560 /* JOSESwiftError.swift */; };
		4134E07126CC2D8900F53105 /* KeyManagementMode.swift in Sources */ = {isa = PBXBuildFile; fileRef = 412D673826C73ADC00421560 /* KeyManagementMode.swift */; };
		4134E07226CC2D8900F53105 /* JWE.swift in Sources */ = {isa = PBXBuildFile; fileRef = 412D675626C73ADC00421560 /* JWE.swift */; };
		4134E07326CC2D8900F53105 /* DataExtensions.swift in Sources */ = {isa = PBXBuildFile; fileRef = 412D676526C73ADD00421560 /* DataExtensions.swift */; };
		4134E07426CC2D8900F53105 /* JWEHeader.swift in Sources */ = {isa = PBXBuildFile; fileRef = 412D676226C73ADD00421560 /* JWEHeader.swift */; };
		4134E07526CC2D8900F53105 /* JWSHeader.swift in Sources */ = {isa = PBXBuildFile; fileRef = 412D673A26C73ADC00421560 /* JWSHeader.swift */; };
		4134E07626CC2D8900F53105 /* ECKeyCodable.swift in Sources */ = {isa = PBXBuildFile; fileRef = 412D674026C73ADC00421560 /* ECKeyCodable.swift */; };
		4134E07726CC2D8900F53105 /* JWS.swift in Sources */ = {isa = PBXBuildFile; fileRef = 412D674F26C73ADC00421560 /* JWS.swift */; };
		4134E07826CC2D9100F53105 /* DeflateWrapper.swift in Sources */ = {isa = PBXBuildFile; fileRef = 412D676826C73ADD00421560 /* DeflateWrapper.swift */; };
		4134E07926CC2D9900F53105 /* SecKeyECPublicKey.swift in Sources */ = {isa = PBXBuildFile; fileRef = 412D674526C73ADC00421560 /* SecKeyECPublicKey.swift */; };
		4134E07A26CC2D9900F53105 /* DataSymmetricKey.swift in Sources */ = {isa = PBXBuildFile; fileRef = 412D674A26C73ADC00421560 /* DataSymmetricKey.swift */; };
		4134E07B26CC2D9900F53105 /* EC.swift in Sources */ = {isa = PBXBuildFile; fileRef = 412D674926C73ADC00421560 /* EC.swift */; };
		4134E07C26CC2D9900F53105 /* DataECPrivateKey.swift in Sources */ = {isa = PBXBuildFile; fileRef = 412D674726C73ADC00421560 /* DataECPrivateKey.swift */; };
		4134E07D26CC2D9900F53105 /* SecureRandom.swift in Sources */ = {isa = PBXBuildFile; fileRef = 412D674826C73ADC00421560 /* SecureRandom.swift */; };
		4134E07E26CC2D9900F53105 /* HMAC.swift in Sources */ = {isa = PBXBuildFile; fileRef = 412D674626C73ADC00421560 /* HMAC.swift */; };
		4134E07F26CC2D9900F53105 /* RSA.swift in Sources */ = {isa = PBXBuildFile; fileRef = 412D674226C73ADC00421560 /* RSA.swift */; };
		4134E08026CC2D9900F53105 /* DataRSAPublicKey.swift in Sources */ = {isa = PBXBuildFile; fileRef = 412D674B26C73ADC00421560 /* DataRSAPublicKey.swift */; };
		4134E08126CC2D9900F53105 /* DataECPublicKey.swift in Sources */ = {isa = PBXBuildFile; fileRef = 412D674D26C73ADC00421560 /* DataECPublicKey.swift */; };
		4134E08226CC2D9900F53105 /* SecKeyRSAPublicKey.swift in Sources */ = {isa = PBXBuildFile; fileRef = 412D674E26C73ADC00421560 /* SecKeyRSAPublicKey.swift */; };
		4134E08326CC2D9900F53105 /* SecKeyECPrivateKey.swift in Sources */ = {isa = PBXBuildFile; fileRef = 412D674326C73ADC00421560 /* SecKeyECPrivateKey.swift */; };
		4134E08426CC2D9900F53105 /* Thumbprint.swift in Sources */ = {isa = PBXBuildFile; fileRef = 412D674C26C73ADC00421560 /* Thumbprint.swift */; };
		4134E08526CC2D9900F53105 /* AES.swift in Sources */ = {isa = PBXBuildFile; fileRef = 412D674426C73ADC00421560 /* AES.swift */; };
		4143BEAA26BD00C2009AC042 /* TokenResponse.swift in Sources */ = {isa = PBXBuildFile; fileRef = 4143BEA926BD00C2009AC042 /* TokenResponse.swift */; };
		4143BEAB26BD00C2009AC042 /* TokenResponse.swift in Sources */ = {isa = PBXBuildFile; fileRef = 4143BEA926BD00C2009AC042 /* TokenResponse.swift */; };
		4143BEAD26BD0687009AC042 /* IDToken.swift in Sources */ = {isa = PBXBuildFile; fileRef = 4143BEAC26BD0687009AC042 /* IDToken.swift */; };
		4143BEAE26BD0687009AC042 /* IDToken.swift in Sources */ = {isa = PBXBuildFile; fileRef = 4143BEAC26BD0687009AC042 /* IDToken.swift */; };
		4143BEB426BF083A009AC042 /* PresentationUtilities.swift in Sources */ = {isa = PBXBuildFile; fileRef = 4143BEB326BF083A009AC042 /* PresentationUtilities.swift */; };
		4143BEB526BF0EC9009AC042 /* PresentationUtilities.swift in Sources */ = {isa = PBXBuildFile; fileRef = 4143BEB326BF083A009AC042 /* PresentationUtilities.swift */; };
		4196BB8126B49CDA000E1096 /* RegistrationRequest.swift in Sources */ = {isa = PBXBuildFile; fileRef = 4196BB8026B49CDA000E1096 /* RegistrationRequest.swift */; };
		4196BB8226B49CDA000E1096 /* RegistrationRequest.swift in Sources */ = {isa = PBXBuildFile; fileRef = 4196BB8026B49CDA000E1096 /* RegistrationRequest.swift */; };
		4196BB8426B4A253000E1096 /* RegistrationResponse.swift in Sources */ = {isa = PBXBuildFile; fileRef = 4196BB8326B4A253000E1096 /* RegistrationResponse.swift */; };
		4196BB8526B4A253000E1096 /* RegistrationResponse.swift in Sources */ = {isa = PBXBuildFile; fileRef = 4196BB8326B4A253000E1096 /* RegistrationResponse.swift */; };
		4196BB8726B4C224000E1096 /* AuthorizationRequest.swift in Sources */ = {isa = PBXBuildFile; fileRef = 4196BB8626B4C224000E1096 /* AuthorizationRequest.swift */; };
		4196BB8826B4C224000E1096 /* AuthorizationRequest.swift in Sources */ = {isa = PBXBuildFile; fileRef = 4196BB8626B4C224000E1096 /* AuthorizationRequest.swift */; };
		4196BB8A26B4C4B8000E1096 /* ScopeUtilities.swift in Sources */ = {isa = PBXBuildFile; fileRef = 4196BB8926B4C4B8000E1096 /* ScopeUtilities.swift */; };
		4196BB8B26B4C4B8000E1096 /* ScopeUtilities.swift in Sources */ = {isa = PBXBuildFile; fileRef = 4196BB8926B4C4B8000E1096 /* ScopeUtilities.swift */; };
		4196BB8D26B4C4EC000E1096 /* TokenUtilities.swift in Sources */ = {isa = PBXBuildFile; fileRef = 4196BB8C26B4C4EC000E1096 /* TokenUtilities.swift */; };
		4196BB8E26B4C4EC000E1096 /* TokenUtilities.swift in Sources */ = {isa = PBXBuildFile; fileRef = 4196BB8C26B4C4EC000E1096 /* TokenUtilities.swift */; };
		4196BB9026B4C529000E1096 /* QueryUtilities.swift in Sources */ = {isa = PBXBuildFile; fileRef = 4196BB8F26B4C529000E1096 /* QueryUtilities.swift */; };
		4196BB9126B4C529000E1096 /* QueryUtilities.swift in Sources */ = {isa = PBXBuildFile; fileRef = 4196BB8F26B4C529000E1096 /* QueryUtilities.swift */; };
		4196BB9326B4F5A2000E1096 /* AuthorizationResponse.swift in Sources */ = {isa = PBXBuildFile; fileRef = 4196BB9226B4F5A2000E1096 /* AuthorizationResponse.swift */; };
		4196BB9426B4F5A2000E1096 /* AuthorizationResponse.swift in Sources */ = {isa = PBXBuildFile; fileRef = 4196BB9226B4F5A2000E1096 /* AuthorizationResponse.swift */; };
		4196BB9626B51A99000E1096 /* TokenRequest.swift in Sources */ = {isa = PBXBuildFile; fileRef = 4196BB9526B51A99000E1096 /* TokenRequest.swift */; };
		4196BB9726B51A99000E1096 /* TokenRequest.swift in Sources */ = {isa = PBXBuildFile; fileRef = 4196BB9526B51A99000E1096 /* TokenRequest.swift */; };
		4196BB9926B5C47C000E1096 /* AnyCodable.swift in Sources */ = {isa = PBXBuildFile; fileRef = 4196BB9826B5C47C000E1096 /* AnyCodable.swift */; };
		4196BB9A26B5C47C000E1096 /* AnyCodable.swift in Sources */ = {isa = PBXBuildFile; fileRef = 4196BB9826B5C47C000E1096 /* AnyCodable.swift */; };
		4196BB9C26B5C4B9000E1096 /* AnyEncodable.swift in Sources */ = {isa = PBXBuildFile; fileRef = 4196BB9B26B5C4B9000E1096 /* AnyEncodable.swift */; };
		4196BB9D26B5C4B9000E1096 /* AnyEncodable.swift in Sources */ = {isa = PBXBuildFile; fileRef = 4196BB9B26B5C4B9000E1096 /* AnyEncodable.swift */; };
		4196BB9F26B5C4E3000E1096 /* AnyDecodable.swift in Sources */ = {isa = PBXBuildFile; fileRef = 4196BB9E26B5C4E3000E1096 /* AnyDecodable.swift */; };
		4196BBA026B5C4E3000E1096 /* AnyDecodable.swift in Sources */ = {isa = PBXBuildFile; fileRef = 4196BB9E26B5C4E3000E1096 /* AnyDecodable.swift */; };
/* End PBXBuildFile section */

/* Begin PBXContainerItemProxy section */
		41022AD626B32AAC00F20185 /* PBXContainerItemProxy */ = {
			isa = PBXContainerItemProxy;
			containerPortal = 41022AB926B32AAA00F20185 /* Project object */;
			proxyType = 1;
			remoteGlobalIDString = 41022AC426B32AAC00F20185;
			remoteInfo = "GetTokens-SwiftUI (iOS)";
		};
		41022AE126B32AAC00F20185 /* PBXContainerItemProxy */ = {
			isa = PBXContainerItemProxy;
			containerPortal = 41022AB926B32AAA00F20185 /* Project object */;
			proxyType = 1;
			remoteGlobalIDString = 41022ACC26B32AAC00F20185;
			remoteInfo = "GetTokens-SwiftUI (macOS)";
		};
/* End PBXContainerItemProxy section */

/* Begin PBXFileReference section */
		41022ABE26B32AAA00F20185 /* GetTokens_SwiftUIApp.swift */ = {isa = PBXFileReference; lastKnownFileType = sourcecode.swift; path = GetTokens_SwiftUIApp.swift; sourceTree = "<group>"; };
		41022ABF26B32AAA00F20185 /* ContentView.swift */ = {isa = PBXFileReference; lastKnownFileType = sourcecode.swift; path = ContentView.swift; sourceTree = "<group>"; };
		41022AC026B32AAC00F20185 /* Assets.xcassets */ = {isa = PBXFileReference; lastKnownFileType = folder.assetcatalog; path = Assets.xcassets; sourceTree = "<group>"; };
		41022AC526B32AAC00F20185 /* GetTokens-SwiftUI.app */ = {isa = PBXFileReference; explicitFileType = wrapper.application; includeInIndex = 0; path = "GetTokens-SwiftUI.app"; sourceTree = BUILT_PRODUCTS_DIR; };
		41022AC826B32AAC00F20185 /* Info.plist */ = {isa = PBXFileReference; lastKnownFileType = text.plist.xml; path = Info.plist; sourceTree = "<group>"; };
		41022ACD26B32AAC00F20185 /* GetTokens-SwiftUI.app */ = {isa = PBXFileReference; explicitFileType = wrapper.application; includeInIndex = 0; path = "GetTokens-SwiftUI.app"; sourceTree = BUILT_PRODUCTS_DIR; };
		41022ACF26B32AAC00F20185 /* Info.plist */ = {isa = PBXFileReference; lastKnownFileType = text.plist.xml; path = Info.plist; sourceTree = "<group>"; };
		41022AD026B32AAC00F20185 /* macOS.entitlements */ = {isa = PBXFileReference; lastKnownFileType = text.plist.entitlements; path = macOS.entitlements; sourceTree = "<group>"; };
		41022AD526B32AAC00F20185 /* Tests iOS.xctest */ = {isa = PBXFileReference; explicitFileType = wrapper.cfbundle; includeInIndex = 0; path = "Tests iOS.xctest"; sourceTree = BUILT_PRODUCTS_DIR; };
		41022AD926B32AAC00F20185 /* Tests_iOS.swift */ = {isa = PBXFileReference; lastKnownFileType = sourcecode.swift; path = Tests_iOS.swift; sourceTree = "<group>"; };
		41022ADB26B32AAC00F20185 /* Info.plist */ = {isa = PBXFileReference; lastKnownFileType = text.plist.xml; path = Info.plist; sourceTree = "<group>"; };
		41022AE026B32AAC00F20185 /* Tests macOS.xctest */ = {isa = PBXFileReference; explicitFileType = wrapper.cfbundle; includeInIndex = 0; path = "Tests macOS.xctest"; sourceTree = BUILT_PRODUCTS_DIR; };
		41022AE426B32AAC00F20185 /* Tests_macOS.swift */ = {isa = PBXFileReference; lastKnownFileType = sourcecode.swift; path = Tests_macOS.swift; sourceTree = "<group>"; };
		41022AE626B32AAC00F20185 /* Info.plist */ = {isa = PBXFileReference; lastKnownFileType = text.plist.xml; path = Info.plist; sourceTree = "<group>"; };
		41022AFB26B3314400F20185 /* Constants.swift */ = {isa = PBXFileReference; lastKnownFileType = sourcecode.swift; path = Constants.swift; sourceTree = "<group>"; };
		41022B0426B3612D00F20185 /* OPConfiguration.swift */ = {isa = PBXFileReference; lastKnownFileType = sourcecode.swift; path = OPConfiguration.swift; sourceTree = "<group>"; };
		41022B0726B3627500F20185 /* ContentInteractor.swift */ = {isa = PBXFileReference; lastKnownFileType = sourcecode.swift; path = ContentInteractor.swift; sourceTree = "<group>"; };
		41022B0B26B364C900F20185 /* ErrorUtilities.swift */ = {isa = PBXFileReference; lastKnownFileType = sourcecode.swift; path = ErrorUtilities.swift; sourceTree = "<group>"; };
		41022B0E26B3974A00F20185 /* ContentPresenter.swift */ = {isa = PBXFileReference; lastKnownFileType = sourcecode.swift; path = ContentPresenter.swift; sourceTree = "<group>"; };
		41022B1126B39CC300F20185 /* ConfigurationUtilities.swift */ = {isa = PBXFileReference; lastKnownFileType = sourcecode.swift; path = ConfigurationUtilities.swift; sourceTree = "<group>"; };
		41022B1826B4965600F20185 /* AuthState.swift */ = {isa = PBXFileReference; lastKnownFileType = sourcecode.swift; path = AuthState.swift; sourceTree = "<group>"; };
		412D672E26C73ADC00421560 /* ASN1DERParsing.swift */ = {isa = PBXFileReference; fileEncoding = 4; lastKnownFileType = sourcecode.swift; path = ASN1DERParsing.swift; sourceTree = "<group>"; };
		412D672F26C73ADC00421560 /* RSAKeyCodable.swift */ = {isa = PBXFileReference; fileEncoding = 4; lastKnownFileType = sourcecode.swift; path = RSAKeyCodable.swift; sourceTree = "<group>"; };
		412D673026C73ADC00421560 /* RSAVerifier.swift */ = {isa = PBXFileReference; fileEncoding = 4; lastKnownFileType = sourcecode.swift; path = RSAVerifier.swift; sourceTree = "<group>"; };
		412D673126C73ADC00421560 /* Deserializer.swift */ = {isa = PBXFileReference; fileEncoding = 4; lastKnownFileType = sourcecode.swift; path = Deserializer.swift; sourceTree = "<group>"; };
		412D673226C73ADC00421560 /* JWKSetCodable.swift */ = {isa = PBXFileReference; fileEncoding = 4; lastKnownFileType = sourcecode.swift; path = JWKSetCodable.swift; sourceTree = "<group>"; };
		412D673326C73ADC00421560 /* SymmetricKeyCodable.swift */ = {isa = PBXFileReference; fileEncoding = 4; lastKnownFileType = sourcecode.swift; path = SymmetricKeyCodable.swift; sourceTree = "<group>"; };
		412D673426C73ADC00421560 /* Verifier.swift */ = {isa = PBXFileReference; fileEncoding = 4; lastKnownFileType = sourcecode.swift; path = Verifier.swift; sourceTree = "<group>"; };
		412D673526C73ADC00421560 /* AESCBCEncryption.swift */ = {isa = PBXFileReference; fileEncoding = 4; lastKnownFileType = sourcecode.swift; path = AESCBCEncryption.swift; sourceTree = "<group>"; };
		412D673626C73ADC00421560 /* JWKSet.swift */ = {isa = PBXFileReference; fileEncoding = 4; lastKnownFileType = sourcecode.swift; path = JWKSet.swift; sourceTree = "<group>"; };
		412D673726C73ADC00421560 /* RSAKeyEncryptionMode.swift */ = {isa = PBXFileReference; fileEncoding = 4; lastKnownFileType = sourcecode.swift; path = RSAKeyEncryptionMode.swift; sourceTree = "<group>"; };
		412D673826C73ADC00421560 /* KeyManagementMode.swift */ = {isa = PBXFileReference; fileEncoding = 4; lastKnownFileType = sourcecode.swift; path = KeyManagementMode.swift; sourceTree = "<group>"; };
		412D673926C73ADC00421560 /* RSAKeys.swift */ = {isa = PBXFileReference; fileEncoding = 4; lastKnownFileType = sourcecode.swift; path = RSAKeys.swift; sourceTree = "<group>"; };
		412D673A26C73ADC00421560 /* JWSHeader.swift */ = {isa = PBXFileReference; fileEncoding = 4; lastKnownFileType = sourcecode.swift; path = JWSHeader.swift; sourceTree = "<group>"; };
		412D673B26C73ADC00421560 /* HMACSigner.swift */ = {isa = PBXFileReference; fileEncoding = 4; lastKnownFileType = sourcecode.swift; path = HMACSigner.swift; sourceTree = "<group>"; };
		412D673C26C73ADC00421560 /* HMACVerifier.swift */ = {isa = PBXFileReference; fileEncoding = 4; lastKnownFileType = sourcecode.swift; path = HMACVerifier.swift; sourceTree = "<group>"; };
		412D673D26C73ADC00421560 /* JOSESwiftError.swift */ = {isa = PBXFileReference; fileEncoding = 4; lastKnownFileType = sourcecode.swift; path = JOSESwiftError.swift; sourceTree = "<group>"; };
		412D673E26C73ADC00421560 /* DataConvertible.swift */ = {isa = PBXFileReference; fileEncoding = 4; lastKnownFileType = sourcecode.swift; path = DataConvertible.swift; sourceTree = "<group>"; };
		412D673F26C73ADC00421560 /* Compressor.swift */ = {isa = PBXFileReference; fileEncoding = 4; lastKnownFileType = sourcecode.swift; path = Compressor.swift; sourceTree = "<group>"; };
		412D674026C73ADC00421560 /* ECKeyCodable.swift */ = {isa = PBXFileReference; fileEncoding = 4; lastKnownFileType = sourcecode.swift; path = ECKeyCodable.swift; sourceTree = "<group>"; };
		412D674226C73ADC00421560 /* RSA.swift */ = {isa = PBXFileReference; fileEncoding = 4; lastKnownFileType = sourcecode.swift; path = RSA.swift; sourceTree = "<group>"; };
		412D674326C73ADC00421560 /* SecKeyECPrivateKey.swift */ = {isa = PBXFileReference; fileEncoding = 4; lastKnownFileType = sourcecode.swift; path = SecKeyECPrivateKey.swift; sourceTree = "<group>"; };
		412D674426C73ADC00421560 /* AES.swift */ = {isa = PBXFileReference; fileEncoding = 4; lastKnownFileType = sourcecode.swift; path = AES.swift; sourceTree = "<group>"; };
		412D674526C73ADC00421560 /* SecKeyECPublicKey.swift */ = {isa = PBXFileReference; fileEncoding = 4; lastKnownFileType = sourcecode.swift; path = SecKeyECPublicKey.swift; sourceTree = "<group>"; };
		412D674626C73ADC00421560 /* HMAC.swift */ = {isa = PBXFileReference; fileEncoding = 4; lastKnownFileType = sourcecode.swift; path = HMAC.swift; sourceTree = "<group>"; };
		412D674726C73ADC00421560 /* DataECPrivateKey.swift */ = {isa = PBXFileReference; fileEncoding = 4; lastKnownFileType = sourcecode.swift; path = DataECPrivateKey.swift; sourceTree = "<group>"; };
		412D674826C73ADC00421560 /* SecureRandom.swift */ = {isa = PBXFileReference; fileEncoding = 4; lastKnownFileType = sourcecode.swift; path = SecureRandom.swift; sourceTree = "<group>"; };
		412D674926C73ADC00421560 /* EC.swift */ = {isa = PBXFileReference; fileEncoding = 4; lastKnownFileType = sourcecode.swift; path = EC.swift; sourceTree = "<group>"; };
		412D674A26C73ADC00421560 /* DataSymmetricKey.swift */ = {isa = PBXFileReference; fileEncoding = 4; lastKnownFileType = sourcecode.swift; path = DataSymmetricKey.swift; sourceTree = "<group>"; };
		412D674B26C73ADC00421560 /* DataRSAPublicKey.swift */ = {isa = PBXFileReference; fileEncoding = 4; lastKnownFileType = sourcecode.swift; path = DataRSAPublicKey.swift; sourceTree = "<group>"; };
		412D674C26C73ADC00421560 /* Thumbprint.swift */ = {isa = PBXFileReference; fileEncoding = 4; lastKnownFileType = sourcecode.swift; path = Thumbprint.swift; sourceTree = "<group>"; };
		412D674D26C73ADC00421560 /* DataECPublicKey.swift */ = {isa = PBXFileReference; fileEncoding = 4; lastKnownFileType = sourcecode.swift; path = DataECPublicKey.swift; sourceTree = "<group>"; };
		412D674E26C73ADC00421560 /* SecKeyRSAPublicKey.swift */ = {isa = PBXFileReference; fileEncoding = 4; lastKnownFileType = sourcecode.swift; path = SecKeyRSAPublicKey.swift; sourceTree = "<group>"; };
		412D674F26C73ADC00421560 /* JWS.swift */ = {isa = PBXFileReference; fileEncoding = 4; lastKnownFileType = sourcecode.swift; path = JWS.swift; sourceTree = "<group>"; };
		412D675026C73ADC00421560 /* Signer.swift */ = {isa = PBXFileReference; fileEncoding = 4; lastKnownFileType = sourcecode.swift; path = Signer.swift; sourceTree = "<group>"; };
		412D675126C73ADC00421560 /* Serializer.swift */ = {isa = PBXFileReference; fileEncoding = 4; lastKnownFileType = sourcecode.swift; path = Serializer.swift; sourceTree = "<group>"; };
		412D675226C73ADC00421560 /* ECSigner.swift */ = {isa = PBXFileReference; fileEncoding = 4; lastKnownFileType = sourcecode.swift; path = ECSigner.swift; sourceTree = "<group>"; };
		412D675326C73ADC00421560 /* RSASigner.swift */ = {isa = PBXFileReference; fileEncoding = 4; lastKnownFileType = sourcecode.swift; path = RSASigner.swift; sourceTree = "<group>"; };
		412D675426C73ADC00421560 /* SymmetricKeys.swift */ = {isa = PBXFileReference; fileEncoding = 4; lastKnownFileType = sourcecode.swift; path = SymmetricKeys.swift; sourceTree = "<group>"; };
		412D675526C73ADC00421560 /* ECVerifier.swift */ = {isa = PBXFileReference; fileEncoding = 4; lastKnownFileType = sourcecode.swift; path = ECVerifier.swift; sourceTree = "<group>"; };
		412D675626C73ADC00421560 /* JWE.swift */ = {isa = PBXFileReference; fileEncoding = 4; lastKnownFileType = sourcecode.swift; path = JWE.swift; sourceTree = "<group>"; };
		412D675726C73ADC00421560 /* JWKExtensions.swift */ = {isa = PBXFileReference; fileEncoding = 4; lastKnownFileType = sourcecode.swift; path = JWKExtensions.swift; sourceTree = "<group>"; };
		412D675826C73ADC00421560 /* ECKeys.swift */ = {isa = PBXFileReference; fileEncoding = 4; lastKnownFileType = sourcecode.swift; path = ECKeys.swift; sourceTree = "<group>"; };
		412D675926C73ADC00421560 /* JOSEHeader.swift */ = {isa = PBXFileReference; fileEncoding = 4; lastKnownFileType = sourcecode.swift; path = JOSEHeader.swift; sourceTree = "<group>"; };
		412D675A26C73ADC00421560 /* Encrypter.swift */ = {isa = PBXFileReference; fileEncoding = 4; lastKnownFileType = sourcecode.swift; path = Encrypter.swift; sourceTree = "<group>"; };
		412D675B26C73ADC00421560 /* Payload.swift */ = {isa = PBXFileReference; fileEncoding = 4; lastKnownFileType = sourcecode.swift; path = Payload.swift; sourceTree = "<group>"; };
		412D675C26C73ADC00421560 /* ASN1DEREncoding.swift */ = {isa = PBXFileReference; fileEncoding = 4; lastKnownFileType = sourcecode.swift; path = ASN1DEREncoding.swift; sourceTree = "<group>"; };
		412D675D26C73ADD00421560 /* Decrypter.swift */ = {isa = PBXFileReference; fileEncoding = 4; lastKnownFileType = sourcecode.swift; path = Decrypter.swift; sourceTree = "<group>"; };
		412D675E26C73ADD00421560 /* JWK.swift */ = {isa = PBXFileReference; fileEncoding = 4; lastKnownFileType = sourcecode.swift; path = JWK.swift; sourceTree = "<group>"; };
		412D675F26C73ADD00421560 /* AlgorithmExtensions.swift */ = {isa = PBXFileReference; fileEncoding = 4; lastKnownFileType = sourcecode.swift; path = AlgorithmExtensions.swift; sourceTree = "<group>"; };
		412D676026C73ADD00421560 /* ContentEncryption.swift */ = {isa = PBXFileReference; fileEncoding = 4; lastKnownFileType = sourcecode.swift; path = ContentEncryption.swift; sourceTree = "<group>"; };
		412D676126C73ADD00421560 /* AESKeyWrappingMode.swift */ = {isa = PBXFileReference; fileEncoding = 4; lastKnownFileType = sourcecode.swift; path = AESKeyWrappingMode.swift; sourceTree = "<group>"; };
		412D676226C73ADD00421560 /* JWEHeader.swift */ = {isa = PBXFileReference; fileEncoding = 4; lastKnownFileType = sourcecode.swift; path = JWEHeader.swift; sourceTree = "<group>"; };
		412D676326C73ADD00421560 /* DirectEncryptionMode.swift */ = {isa = PBXFileReference; fileEncoding = 4; lastKnownFileType = sourcecode.swift; path = DirectEncryptionMode.swift; sourceTree = "<group>"; };
		412D676426C73ADD00421560 /* JWKParameters.swift */ = {isa = PBXFileReference; fileEncoding = 4; lastKnownFileType = sourcecode.swift; path = JWKParameters.swift; sourceTree = "<group>"; };
		412D676526C73ADD00421560 /* DataExtensions.swift */ = {isa = PBXFileReference; fileEncoding = 4; lastKnownFileType = sourcecode.swift; path = DataExtensions.swift; sourceTree = "<group>"; };
		412D676626C73ADD00421560 /* Algorithms.swift */ = {isa = PBXFileReference; fileEncoding = 4; lastKnownFileType = sourcecode.swift; path = Algorithms.swift; sourceTree = "<group>"; };
		412D676826C73ADD00421560 /* DeflateWrapper.swift */ = {isa = PBXFileReference; fileEncoding = 4; lastKnownFileType = sourcecode.swift; path = DeflateWrapper.swift; sourceTree = "<group>"; };
		4143BEA926BD00C2009AC042 /* TokenResponse.swift */ = {isa = PBXFileReference; lastKnownFileType = sourcecode.swift; path = TokenResponse.swift; sourceTree = "<group>"; };
		4143BEAC26BD0687009AC042 /* IDToken.swift */ = {isa = PBXFileReference; lastKnownFileType = sourcecode.swift; path = IDToken.swift; sourceTree = "<group>"; };
		4143BEB126BDEFF0009AC042 /* ContentView.swift */ = {isa = PBXFileReference; lastKnownFileType = sourcecode.swift; path = ContentView.swift; sourceTree = "<group>"; };
		4143BEB326BF083A009AC042 /* PresentationUtilities.swift */ = {isa = PBXFileReference; lastKnownFileType = sourcecode.swift; path = PresentationUtilities.swift; sourceTree = "<group>"; };
		4196BB8026B49CDA000E1096 /* RegistrationRequest.swift */ = {isa = PBXFileReference; lastKnownFileType = sourcecode.swift; path = RegistrationRequest.swift; sourceTree = "<group>"; };
		4196BB8326B4A253000E1096 /* RegistrationResponse.swift */ = {isa = PBXFileReference; lastKnownFileType = sourcecode.swift; path = RegistrationResponse.swift; sourceTree = "<group>"; };
		4196BB8626B4C224000E1096 /* AuthorizationRequest.swift */ = {isa = PBXFileReference; lastKnownFileType = sourcecode.swift; path = AuthorizationRequest.swift; sourceTree = "<group>"; };
		4196BB8926B4C4B8000E1096 /* ScopeUtilities.swift */ = {isa = PBXFileReference; lastKnownFileType = sourcecode.swift; path = ScopeUtilities.swift; sourceTree = "<group>"; };
		4196BB8C26B4C4EC000E1096 /* TokenUtilities.swift */ = {isa = PBXFileReference; lastKnownFileType = sourcecode.swift; path = TokenUtilities.swift; sourceTree = "<group>"; };
		4196BB8F26B4C529000E1096 /* QueryUtilities.swift */ = {isa = PBXFileReference; lastKnownFileType = sourcecode.swift; path = QueryUtilities.swift; sourceTree = "<group>"; };
		4196BB9226B4F5A2000E1096 /* AuthorizationResponse.swift */ = {isa = PBXFileReference; lastKnownFileType = sourcecode.swift; path = AuthorizationResponse.swift; sourceTree = "<group>"; };
		4196BB9526B51A99000E1096 /* TokenRequest.swift */ = {isa = PBXFileReference; lastKnownFileType = sourcecode.swift; path = TokenRequest.swift; sourceTree = "<group>"; };
		4196BB9826B5C47C000E1096 /* AnyCodable.swift */ = {isa = PBXFileReference; lastKnownFileType = sourcecode.swift; path = AnyCodable.swift; sourceTree = "<group>"; };
		4196BB9B26B5C4B9000E1096 /* AnyEncodable.swift */ = {isa = PBXFileReference; lastKnownFileType = sourcecode.swift; path = AnyEncodable.swift; sourceTree = "<group>"; };
		4196BB9E26B5C4E3000E1096 /* AnyDecodable.swift */ = {isa = PBXFileReference; lastKnownFileType = sourcecode.swift; path = AnyDecodable.swift; sourceTree = "<group>"; };
		41BBAF3D26CD77ED008E6F41 /* README.md */ = {isa = PBXFileReference; lastKnownFileType = net.daringfireball.markdown; path = README.md; sourceTree = "<group>"; };
/* End PBXFileReference section */

/* Begin PBXFrameworksBuildPhase section */
		41022AC226B32AAC00F20185 /* Frameworks */ = {
			isa = PBXFrameworksBuildPhase;
			buildActionMask = 2147483647;
			files = (
			);
			runOnlyForDeploymentPostprocessing = 0;
		};
		41022ACA26B32AAC00F20185 /* Frameworks */ = {
			isa = PBXFrameworksBuildPhase;
			buildActionMask = 2147483647;
			files = (
			);
			runOnlyForDeploymentPostprocessing = 0;
		};
		41022AD226B32AAC00F20185 /* Frameworks */ = {
			isa = PBXFrameworksBuildPhase;
			buildActionMask = 2147483647;
			files = (
			);
			runOnlyForDeploymentPostprocessing = 0;
		};
		41022ADD26B32AAC00F20185 /* Frameworks */ = {
			isa = PBXFrameworksBuildPhase;
			buildActionMask = 2147483647;
			files = (
			);
			runOnlyForDeploymentPostprocessing = 0;
		};
/* End PBXFrameworksBuildPhase section */

/* Begin PBXGroup section */
		41022AB826B32AAA00F20185 = {
			isa = PBXGroup;
			children = (
				41BBAF3D26CD77ED008E6F41 /* README.md */,
				41022ABD26B32AAA00F20185 /* Shared */,
				41022AC726B32AAC00F20185 /* iOS */,
				41022ACE26B32AAC00F20185 /* macOS */,
				41022AD826B32AAC00F20185 /* Tests iOS */,
				41022AE326B32AAC00F20185 /* Tests macOS */,
				41022AC626B32AAC00F20185 /* Products */,
			);
			sourceTree = "<group>";
		};
		41022ABD26B32AAA00F20185 /* Shared */ = {
			isa = PBXGroup;
			children = (
				41022B1726B4963900F20185 /* State */,
				41022B0A26B364B000F20185 /* Utilities */,
				41022B0326B3600300F20185 /* Models */,
				41022ABE26B32AAA00F20185 /* GetTokens_SwiftUIApp.swift */,
				41022B0726B3627500F20185 /* ContentInteractor.swift */,
				41022B0E26B3974A00F20185 /* ContentPresenter.swift */,
				41022AFB26B3314400F20185 /* Constants.swift */,
				41022AC026B32AAC00F20185 /* Assets.xcassets */,
			);
			path = Shared;
			sourceTree = "<group>";
		};
		41022AC626B32AAC00F20185 /* Products */ = {
			isa = PBXGroup;
			children = (
				41022AC526B32AAC00F20185 /* GetTokens-SwiftUI.app */,
				41022ACD26B32AAC00F20185 /* GetTokens-SwiftUI.app */,
				41022AD526B32AAC00F20185 /* Tests iOS.xctest */,
				41022AE026B32AAC00F20185 /* Tests macOS.xctest */,
			);
			name = Products;
			sourceTree = "<group>";
		};
		41022AC726B32AAC00F20185 /* iOS */ = {
			isa = PBXGroup;
			children = (
				41022ABF26B32AAA00F20185 /* ContentView.swift */,
				41022AC826B32AAC00F20185 /* Info.plist */,
			);
			path = iOS;
			sourceTree = "<group>";
		};
		41022ACE26B32AAC00F20185 /* macOS */ = {
			isa = PBXGroup;
			children = (
				41022ACF26B32AAC00F20185 /* Info.plist */,
				41022AD026B32AAC00F20185 /* macOS.entitlements */,
				4143BEB126BDEFF0009AC042 /* ContentView.swift */,
			);
			path = macOS;
			sourceTree = "<group>";
		};
		41022AD826B32AAC00F20185 /* Tests iOS */ = {
			isa = PBXGroup;
			children = (
				41022AD926B32AAC00F20185 /* Tests_iOS.swift */,
				41022ADB26B32AAC00F20185 /* Info.plist */,
			);
			path = "Tests iOS";
			sourceTree = "<group>";
		};
		41022AE326B32AAC00F20185 /* Tests macOS */ = {
			isa = PBXGroup;
			children = (
				41022AE426B32AAC00F20185 /* Tests_macOS.swift */,
				41022AE626B32AAC00F20185 /* Info.plist */,
			);
			path = "Tests macOS";
			sourceTree = "<group>";
		};
		41022B0326B3600300F20185 /* Models */ = {
			isa = PBXGroup;
			children = (
				41022B0426B3612D00F20185 /* OPConfiguration.swift */,
				4196BB8026B49CDA000E1096 /* RegistrationRequest.swift */,
				4196BB8326B4A253000E1096 /* RegistrationResponse.swift */,
				4196BB8626B4C224000E1096 /* AuthorizationRequest.swift */,
				4196BB9226B4F5A2000E1096 /* AuthorizationResponse.swift */,
				4196BB9526B51A99000E1096 /* TokenRequest.swift */,
				4143BEA926BD00C2009AC042 /* TokenResponse.swift */,
				4143BEAC26BD0687009AC042 /* IDToken.swift */,
			);
			path = Models;
			sourceTree = "<group>";
		};
		41022B0A26B364B000F20185 /* Utilities */ = {
			isa = PBXGroup;
			children = (
				4196BBA526B5CA13000E1096 /* JOSE library */,
				41022B0B26B364C900F20185 /* ErrorUtilities.swift */,
				41022B1126B39CC300F20185 /* ConfigurationUtilities.swift */,
				4196BB8926B4C4B8000E1096 /* ScopeUtilities.swift */,
				4196BB8C26B4C4EC000E1096 /* TokenUtilities.swift */,
				4196BB8F26B4C529000E1096 /* QueryUtilities.swift */,
				4196BB9826B5C47C000E1096 /* AnyCodable.swift */,
				4196BB9B26B5C4B9000E1096 /* AnyEncodable.swift */,
				4196BB9E26B5C4E3000E1096 /* AnyDecodable.swift */,
				4143BEB326BF083A009AC042 /* PresentationUtilities.swift */,
			);
			path = Utilities;
			sourceTree = "<group>";
		};
		41022B1726B4963900F20185 /* State */ = {
			isa = PBXGroup;
			children = (
				41022B1826B4965600F20185 /* AuthState.swift */,
			);
			path = State;
			sourceTree = "<group>";
		};
		412D674126C73ADC00421560 /* CryptoImplementation */ = {
			isa = PBXGroup;
			children = (
				412D674226C73ADC00421560 /* RSA.swift */,
				412D674326C73ADC00421560 /* SecKeyECPrivateKey.swift */,
				412D674426C73ADC00421560 /* AES.swift */,
				412D674526C73ADC00421560 /* SecKeyECPublicKey.swift */,
				412D674626C73ADC00421560 /* HMAC.swift */,
				412D674726C73ADC00421560 /* DataECPrivateKey.swift */,
				412D674826C73ADC00421560 /* SecureRandom.swift */,
				412D674926C73ADC00421560 /* EC.swift */,
				412D674A26C73ADC00421560 /* DataSymmetricKey.swift */,
				412D674B26C73ADC00421560 /* DataRSAPublicKey.swift */,
				412D674C26C73ADC00421560 /* Thumbprint.swift */,
				412D674D26C73ADC00421560 /* DataECPublicKey.swift */,
				412D674E26C73ADC00421560 /* SecKeyRSAPublicKey.swift */,
			);
			path = CryptoImplementation;
			sourceTree = "<group>";
		};
		412D676726C73ADD00421560 /* CompressionImplementation */ = {
			isa = PBXGroup;
			children = (
				412D676826C73ADD00421560 /* DeflateWrapper.swift */,
			);
			path = CompressionImplementation;
			sourceTree = "<group>";
		};
		4196BBA526B5CA13000E1096 /* JOSE library */ = {
			isa = PBXGroup;
			children = (
				412D673526C73ADC00421560 /* AESCBCEncryption.swift */,
				412D676126C73ADD00421560 /* AESKeyWrappingMode.swift */,
				412D675F26C73ADD00421560 /* AlgorithmExtensions.swift */,
				412D676626C73ADD00421560 /* Algorithms.swift */,
				412D675C26C73ADC00421560 /* ASN1DEREncoding.swift */,
				412D672E26C73ADC00421560 /* ASN1DERParsing.swift */,
				412D676726C73ADD00421560 /* CompressionImplementation */,
				412D673F26C73ADC00421560 /* Compressor.swift */,
				412D676026C73ADD00421560 /* ContentEncryption.swift */,
				412D674126C73ADC00421560 /* CryptoImplementation */,
				412D673E26C73ADC00421560 /* DataConvertible.swift */,
				412D676526C73ADD00421560 /* DataExtensions.swift */,
				412D675D26C73ADD00421560 /* Decrypter.swift */,
				412D673126C73ADC00421560 /* Deserializer.swift */,
				412D676326C73ADD00421560 /* DirectEncryptionMode.swift */,
				412D674026C73ADC00421560 /* ECKeyCodable.swift */,
				412D675826C73ADC00421560 /* ECKeys.swift */,
				412D675226C73ADC00421560 /* ECSigner.swift */,
				412D675526C73ADC00421560 /* ECVerifier.swift */,
				412D675A26C73ADC00421560 /* Encrypter.swift */,
				412D673B26C73ADC00421560 /* HMACSigner.swift */,
				412D673C26C73ADC00421560 /* HMACVerifier.swift */,
				412D675926C73ADC00421560 /* JOSEHeader.swift */,
				412D673D26C73ADC00421560 /* JOSESwiftError.swift */,
				412D675626C73ADC00421560 /* JWE.swift */,
				412D676226C73ADD00421560 /* JWEHeader.swift */,
				412D675E26C73ADD00421560 /* JWK.swift */,
				412D675726C73ADC00421560 /* JWKExtensions.swift */,
				412D676426C73ADD00421560 /* JWKParameters.swift */,
				412D673626C73ADC00421560 /* JWKSet.swift */,
				412D673226C73ADC00421560 /* JWKSetCodable.swift */,
				412D674F26C73ADC00421560 /* JWS.swift */,
				412D673A26C73ADC00421560 /* JWSHeader.swift */,
				412D673826C73ADC00421560 /* KeyManagementMode.swift */,
				412D675B26C73ADC00421560 /* Payload.swift */,
				412D672F26C73ADC00421560 /* RSAKeyCodable.swift */,
				412D673726C73ADC00421560 /* RSAKeyEncryptionMode.swift */,
				412D673926C73ADC00421560 /* RSAKeys.swift */,
				412D675326C73ADC00421560 /* RSASigner.swift */,
				412D673026C73ADC00421560 /* RSAVerifier.swift */,
				412D675126C73ADC00421560 /* Serializer.swift */,
				412D675026C73ADC00421560 /* Signer.swift */,
				412D673326C73ADC00421560 /* SymmetricKeyCodable.swift */,
				412D675426C73ADC00421560 /* SymmetricKeys.swift */,
				412D673426C73ADC00421560 /* Verifier.swift */,
			);
			path = "JOSE library";
			sourceTree = "<group>";
		};
/* End PBXGroup section */

/* Begin PBXNativeTarget section */
		41022AC426B32AAC00F20185 /* GetTokens-SwiftUI (iOS) */ = {
			isa = PBXNativeTarget;
			buildConfigurationList = 41022AEF26B32AAC00F20185 /* Build configuration list for PBXNativeTarget "GetTokens-SwiftUI (iOS)" */;
			buildPhases = (
				41022AC126B32AAC00F20185 /* Sources */,
				41022AC226B32AAC00F20185 /* Frameworks */,
				41022AC326B32AAC00F20185 /* Resources */,
			);
			buildRules = (
			);
			dependencies = (
			);
			name = "GetTokens-SwiftUI (iOS)";
			productName = "GetTokens-SwiftUI (iOS)";
			productReference = 41022AC526B32AAC00F20185 /* GetTokens-SwiftUI.app */;
			productType = "com.apple.product-type.application";
		};
		41022ACC26B32AAC00F20185 /* GetTokens-SwiftUI (macOS) */ = {
			isa = PBXNativeTarget;
			buildConfigurationList = 41022AF226B32AAC00F20185 /* Build configuration list for PBXNativeTarget "GetTokens-SwiftUI (macOS)" */;
			buildPhases = (
				41022AC926B32AAC00F20185 /* Sources */,
				41022ACA26B32AAC00F20185 /* Frameworks */,
				41022ACB26B32AAC00F20185 /* Resources */,
			);
			buildRules = (
			);
			dependencies = (
			);
			name = "GetTokens-SwiftUI (macOS)";
			productName = "GetTokens-SwiftUI (macOS)";
			productReference = 41022ACD26B32AAC00F20185 /* GetTokens-SwiftUI.app */;
			productType = "com.apple.product-type.application";
		};
		41022AD426B32AAC00F20185 /* Tests iOS */ = {
			isa = PBXNativeTarget;
			buildConfigurationList = 41022AF526B32AAC00F20185 /* Build configuration list for PBXNativeTarget "Tests iOS" */;
			buildPhases = (
				41022AD126B32AAC00F20185 /* Sources */,
				41022AD226B32AAC00F20185 /* Frameworks */,
				41022AD326B32AAC00F20185 /* Resources */,
			);
			buildRules = (
			);
			dependencies = (
				41022AD726B32AAC00F20185 /* PBXTargetDependency */,
			);
			name = "Tests iOS";
			productName = "Tests iOS";
			productReference = 41022AD526B32AAC00F20185 /* Tests iOS.xctest */;
			productType = "com.apple.product-type.bundle.ui-testing";
		};
		41022ADF26B32AAC00F20185 /* Tests macOS */ = {
			isa = PBXNativeTarget;
			buildConfigurationList = 41022AF826B32AAC00F20185 /* Build configuration list for PBXNativeTarget "Tests macOS" */;
			buildPhases = (
				41022ADC26B32AAC00F20185 /* Sources */,
				41022ADD26B32AAC00F20185 /* Frameworks */,
				41022ADE26B32AAC00F20185 /* Resources */,
			);
			buildRules = (
			);
			dependencies = (
				41022AE226B32AAC00F20185 /* PBXTargetDependency */,
			);
			name = "Tests macOS";
			productName = "Tests macOS";
			productReference = 41022AE026B32AAC00F20185 /* Tests macOS.xctest */;
			productType = "com.apple.product-type.bundle.ui-testing";
		};
/* End PBXNativeTarget section */

/* Begin PBXProject section */
		41022AB926B32AAA00F20185 /* Project object */ = {
			isa = PBXProject;
			attributes = {
				LastSwiftUpdateCheck = 1250;
				LastUpgradeCheck = 1250;
				TargetAttributes = {
					41022AC426B32AAC00F20185 = {
						CreatedOnToolsVersion = 12.5.1;
					};
					41022ACC26B32AAC00F20185 = {
						CreatedOnToolsVersion = 12.5.1;
					};
					41022AD426B32AAC00F20185 = {
						CreatedOnToolsVersion = 12.5.1;
						TestTargetID = 41022AC426B32AAC00F20185;
					};
					41022ADF26B32AAC00F20185 = {
						CreatedOnToolsVersion = 12.5.1;
						TestTargetID = 41022ACC26B32AAC00F20185;
					};
				};
			};
			buildConfigurationList = 41022ABC26B32AAA00F20185 /* Build configuration list for PBXProject "Get tokens" */;
			compatibilityVersion = "Xcode 12.0";
			developmentRegion = en;
			hasScannedForEncodings = 0;
			knownRegions = (
				en,
				Base,
			);
			mainGroup = 41022AB826B32AAA00F20185;
			productRefGroup = 41022AC626B32AAC00F20185 /* Products */;
			projectDirPath = "";
			projectRoot = "";
			targets = (
				41022AC426B32AAC00F20185 /* GetTokens-SwiftUI (iOS) */,
				41022ACC26B32AAC00F20185 /* GetTokens-SwiftUI (macOS) */,
				41022AD426B32AAC00F20185 /* Tests iOS */,
				41022ADF26B32AAC00F20185 /* Tests macOS */,
			);
		};
/* End PBXProject section */

/* Begin PBXResourcesBuildPhase section */
		41022AC326B32AAC00F20185 /* Resources */ = {
			isa = PBXResourcesBuildPhase;
			buildActionMask = 2147483647;
			files = (
				41022AEB26B32AAC00F20185 /* Assets.xcassets in Resources */,
			);
			runOnlyForDeploymentPostprocessing = 0;
		};
		41022ACB26B32AAC00F20185 /* Resources */ = {
			isa = PBXResourcesBuildPhase;
			buildActionMask = 2147483647;
			files = (
				41022AEC26B32AAC00F20185 /* Assets.xcassets in Resources */,
			);
			runOnlyForDeploymentPostprocessing = 0;
		};
		41022AD326B32AAC00F20185 /* Resources */ = {
			isa = PBXResourcesBuildPhase;
			buildActionMask = 2147483647;
			files = (
			);
			runOnlyForDeploymentPostprocessing = 0;
		};
		41022ADE26B32AAC00F20185 /* Resources */ = {
			isa = PBXResourcesBuildPhase;
			buildActionMask = 2147483647;
			files = (
			);
			runOnlyForDeploymentPostprocessing = 0;
		};
/* End PBXResourcesBuildPhase section */

/* Begin PBXSourcesBuildPhase section */
		41022AC126B32AAC00F20185 /* Sources */ = {
			isa = PBXSourcesBuildPhase;
			buildActionMask = 2147483647;
			files = (
				4196BB8D26B4C4EC000E1096 /* TokenUtilities.swift in Sources */,
				412D676926C73ADD00421560 /* ASN1DERParsing.swift in Sources */,
				41022B0826B3627500F20185 /* ContentInteractor.swift in Sources */,
				412D678826C73ADD00421560 /* SecKeyRSAPublicKey.swift in Sources */,
				412D677C26C73ADD00421560 /* RSA.swift in Sources */,
				412D67A126C73ADD00421560 /* DeflateWrapper.swift in Sources */,
				41022B1926B4965600F20185 /* AuthState.swift in Sources */,
				4143BEAA26BD00C2009AC042 /* TokenResponse.swift in Sources */,
				412D679A26C73ADD00421560 /* ContentEncryption.swift in Sources */,
				412D678B26C73ADD00421560 /* Serializer.swift in Sources */,
				4196BB8A26B4C4B8000E1096 /* ScopeUtilities.swift in Sources */,
				412D677226C73ADD00421560 /* RSAKeyEncryptionMode.swift in Sources */,
				412D679126C73ADD00421560 /* JWKExtensions.swift in Sources */,
				412D679926C73ADD00421560 /* AlgorithmExtensions.swift in Sources */,
				412D677626C73ADD00421560 /* HMACSigner.swift in Sources */,
				412D679026C73ADD00421560 /* JWE.swift in Sources */,
				412D678526C73ADD00421560 /* DataRSAPublicKey.swift in Sources */,
				4143BEAD26BD0687009AC042 /* IDToken.swift in Sources */,
				412D678226C73ADD00421560 /* SecureRandom.swift in Sources */,
				412D679726C73ADD00421560 /* Decrypter.swift in Sources */,
				412D679426C73ADD00421560 /* Encrypter.swift in Sources */,
				4196BB9F26B5C4E3000E1096 /* AnyDecodable.swift in Sources */,
				412D677426C73ADD00421560 /* RSAKeys.swift in Sources */,
				412D678726C73ADD00421560 /* DataECPublicKey.swift in Sources */,
				412D679F26C73ADD00421560 /* DataExtensions.swift in Sources */,
				4196BB8126B49CDA000E1096 /* RegistrationRequest.swift in Sources */,
				412D677526C73ADD00421560 /* JWSHeader.swift in Sources */,
				412D676A26C73ADD00421560 /* RSAKeyCodable.swift in Sources */,
				4196BB9926B5C47C000E1096 /* AnyCodable.swift in Sources */,
				412D677926C73ADD00421560 /* DataConvertible.swift in Sources */,
				412D679D26C73ADD00421560 /* DirectEncryptionMode.swift in Sources */,
				4196BB8426B4A253000E1096 /* RegistrationResponse.swift in Sources */,
				41022B0C26B364C900F20185 /* ErrorUtilities.swift in Sources */,
				412D679B26C73ADD00421560 /* AESKeyWrappingMode.swift in Sources */,
				41022B0F26B3974A00F20185 /* ContentPresenter.swift in Sources */,
				412D678A26C73ADD00421560 /* Signer.swift in Sources */,
				412D677F26C73ADD00421560 /* SecKeyECPublicKey.swift in Sources */,
				41022AE926B32AAC00F20185 /* ContentView.swift in Sources */,
				412D678326C73ADD00421560 /* EC.swift in Sources */,
				412D677B26C73ADD00421560 /* ECKeyCodable.swift in Sources */,
				4196BB9C26B5C4B9000E1096 /* AnyEncodable.swift in Sources */,
				412D676D26C73ADD00421560 /* JWKSetCodable.swift in Sources */,
				412D676C26C73ADD00421560 /* Deserializer.swift in Sources */,
				4196BB8726B4C224000E1096 /* AuthorizationRequest.swift in Sources */,
				412D678926C73ADD00421560 /* JWS.swift in Sources */,
				412D67A026C73ADD00421560 /* Algorithms.swift in Sources */,
				412D679C26C73ADD00421560 /* JWEHeader.swift in Sources */,
				412D678C26C73ADD00421560 /* ECSigner.swift in Sources */,
				412D679626C73ADD00421560 /* ASN1DEREncoding.swift in Sources */,
				412D677026C73ADD00421560 /* AESCBCEncryption.swift in Sources */,
				412D679226C73ADD00421560 /* ECKeys.swift in Sources */,
				41022AE726B32AAC00F20185 /* GetTokens_SwiftUIApp.swift in Sources */,
				412D679E26C73ADD00421560 /* JWKParameters.swift in Sources */,
				41022AFC26B3314400F20185 /* Constants.swift in Sources */,
				4143BEB526BF0EC9009AC042 /* PresentationUtilities.swift in Sources */,
				412D678D26C73ADD00421560 /* RSASigner.swift in Sources */,
				41022B0526B3612D00F20185 /* OPConfiguration.swift in Sources */,
				412D678026C73ADD00421560 /* HMAC.swift in Sources */,
				412D677D26C73ADD00421560 /* SecKeyECPrivateKey.swift in Sources */,
				4196BB9626B51A99000E1096 /* TokenRequest.swift in Sources */,
				412D676E26C73ADD00421560 /* SymmetricKeyCodable.swift in Sources */,
				412D677E26C73ADD00421560 /* AES.swift in Sources */,
				412D676F26C73ADD00421560 /* Verifier.swift in Sources */,
				412D676B26C73ADD00421560 /* RSAVerifier.swift in Sources */,
				412D678126C73ADD00421560 /* DataECPrivateKey.swift in Sources */,
				4196BB9026B4C529000E1096 /* QueryUtilities.swift in Sources */,
				41022B1226B39CC300F20185 /* ConfigurationUtilities.swift in Sources */,
				412D678426C73ADD00421560 /* DataSymmetricKey.swift in Sources */,
				412D677826C73ADD00421560 /* JOSESwiftError.swift in Sources */,
				412D679326C73ADD00421560 /* JOSEHeader.swift in Sources */,
				412D677726C73ADD00421560 /* HMACVerifier.swift in Sources */,
				412D678626C73ADD00421560 /* Thumbprint.swift in Sources */,
				412D677326C73ADD00421560 /* KeyManagementMode.swift in Sources */,
				412D679526C73ADD00421560 /* Payload.swift in Sources */,
				412D678E26C73ADD00421560 /* SymmetricKeys.swift in Sources */,
				412D677A26C73ADD00421560 /* Compressor.swift in Sources */,
				412D678F26C73ADD00421560 /* ECVerifier.swift in Sources */,
				412D679826C73ADD00421560 /* JWK.swift in Sources */,
				4196BB9326B4F5A2000E1096 /* AuthorizationResponse.swift in Sources */,
				412D677126C73ADD00421560 /* JWKSet.swift in Sources */,
			);
			runOnlyForDeploymentPostprocessing = 0;
		};
		41022AC926B32AAC00F20185 /* Sources */ = {
			isa = PBXSourcesBuildPhase;
			buildActionMask = 2147483647;
			files = (
				4134E07426CC2D8900F53105 /* JWEHeader.swift in Sources */,
				4134E05D26CC2D8900F53105 /* RSASigner.swift in Sources */,
				4196BB8E26B4C4EC000E1096 /* TokenUtilities.swift in Sources */,
				41022B0926B3627500F20185 /* ContentInteractor.swift in Sources */,
				4134E07F26CC2D9900F53105 /* RSA.swift in Sources */,
				41022B1A26B4965600F20185 /* AuthState.swift in Sources */,
				4134E06F26CC2D8900F53105 /* DirectEncryptionMode.swift in Sources */,
				4134E05626CC2D8900F53105 /* ECVerifier.swift in Sources */,
				4134E05726CC2D8900F53105 /* RSAVerifier.swift in Sources */,
				4134E07E26CC2D9900F53105 /* HMAC.swift in Sources */,
				4143BEAB26BD00C2009AC042 /* TokenResponse.swift in Sources */,
				4134E07226CC2D8900F53105 /* JWE.swift in Sources */,
				4134E08426CC2D9900F53105 /* Thumbprint.swift in Sources */,
				4134E07926CC2D9900F53105 /* SecKeyECPublicKey.swift in Sources */,
				4134E07626CC2D8900F53105 /* ECKeyCodable.swift in Sources */,
				4196BB8B26B4C4B8000E1096 /* ScopeUtilities.swift in Sources */,
				4134E07C26CC2D9900F53105 /* DataECPrivateKey.swift in Sources */,
				4134E06226CC2D8900F53105 /* JWKSet.swift in Sources */,
				4143BEAE26BD0687009AC042 /* IDToken.swift in Sources */,
				4134E07726CC2D8900F53105 /* JWS.swift in Sources */,
				4134E05926CC2D8900F53105 /* Decrypter.swift in Sources */,
				4196BBA026B5C4E3000E1096 /* AnyDecodable.swift in Sources */,
				4134E05E26CC2D8900F53105 /* DataConvertible.swift in Sources */,
				4134E08126CC2D9900F53105 /* DataECPublicKey.swift in Sources */,
				4134E06A26CC2D8900F53105 /* HMACSigner.swift in Sources */,
				4196BB8226B49CDA000E1096 /* RegistrationRequest.swift in Sources */,
				4134E06926CC2D8900F53105 /* JWKExtensions.swift in Sources */,
				4196BB9A26B5C47C000E1096 /* AnyCodable.swift in Sources */,
				4134E06626CC2D8900F53105 /* HMACVerifier.swift in Sources */,
				4134E08526CC2D9900F53105 /* AES.swift in Sources */,
				4134E06126CC2D8900F53105 /* Encrypter.swift in Sources */,
				4134E06B26CC2D8900F53105 /* RSAKeyCodable.swift in Sources */,
				4196BB8526B4A253000E1096 /* RegistrationResponse.swift in Sources */,
				4134E06D26CC2D8900F53105 /* JOSEHeader.swift in Sources */,
				4134E07D26CC2D9900F53105 /* SecureRandom.swift in Sources */,
				41022B0D26B364C900F20185 /* ErrorUtilities.swift in Sources */,
				4134E05B26CC2D8900F53105 /* JWKSetCodable.swift in Sources */,
				4134E07826CC2D9100F53105 /* DeflateWrapper.swift in Sources */,
				4134E05426CC2D8100F53105 /* ContentEncryption.swift in Sources */,
				4134E06326CC2D8900F53105 /* RSAKeys.swift in Sources */,
				4134E06426CC2D8900F53105 /* RSAKeyEncryptionMode.swift in Sources */,
				41022B1026B3974A00F20185 /* ContentPresenter.swift in Sources */,
				4196BB9D26B5C4B9000E1096 /* AnyEncodable.swift in Sources */,
				4134E06E26CC2D8900F53105 /* SymmetricKeyCodable.swift in Sources */,
				4134E05A26CC2D8900F53105 /* JWK.swift in Sources */,
				4134E05126CC2D6C00F53105 /* AESCBCEncryption.swift in Sources */,
				4134E05526CC2D8900F53105 /* Signer.swift in Sources */,
				4134E06726CC2D8900F53105 /* Payload.swift in Sources */,
				4196BB8826B4C224000E1096 /* AuthorizationRequest.swift in Sources */,
				41022AE826B32AAC00F20185 /* GetTokens_SwiftUIApp.swift in Sources */,
				4134E07526CC2D8900F53105 /* JWSHeader.swift in Sources */,
				4134E07A26CC2D9900F53105 /* DataSymmetricKey.swift in Sources */,
				4134E05F26CC2D8900F53105 /* Verifier.swift in Sources */,
				4134E08326CC2D9900F53105 /* SecKeyECPrivateKey.swift in Sources */,
				41022AFD26B3314400F20185 /* Constants.swift in Sources */,
				4134E05826CC2D8900F53105 /* JWKParameters.swift in Sources */,
				4134E05026CC2D6C00F53105 /* AESKeyWrappingMode.swift in Sources */,
				4143BEB426BF083A009AC042 /* PresentationUtilities.swift in Sources */,
				4134E04E26CC2D6C00F53105 /* ASN1DERParsing.swift in Sources */,
				4134E04C26CC2D0D00F53105 /* ContentView.swift in Sources */,
				4134E05226CC2D6C00F53105 /* Algorithms.swift in Sources */,
				4134E08226CC2D9900F53105 /* SecKeyRSAPublicKey.swift in Sources */,
				4134E07B26CC2D9900F53105 /* EC.swift in Sources */,
				41022B0626B3612D00F20185 /* OPConfiguration.swift in Sources */,
				4134E05C26CC2D8900F53105 /* ECSigner.swift in Sources */,
				4134E07026CC2D8900F53105 /* JOSESwiftError.swift in Sources */,
				4134E06526CC2D8900F53105 /* SymmetricKeys.swift in Sources */,
				4196BB9726B51A99000E1096 /* TokenRequest.swift in Sources */,
				4196BB9126B4C529000E1096 /* QueryUtilities.swift in Sources */,
				4134E04D26CC2D6C00F53105 /* ASN1DEREncoding.swift in Sources */,
				4134E04F26CC2D6C00F53105 /* AlgorithmExtensions.swift in Sources */,
				4134E06C26CC2D8900F53105 /* ECKeys.swift in Sources */,
				4134E06026CC2D8900F53105 /* Deserializer.swift in Sources */,
				41022B1326B39CC300F20185 /* ConfigurationUtilities.swift in Sources */,
				4134E07326CC2D8900F53105 /* DataExtensions.swift in Sources */,
				4134E08026CC2D9900F53105 /* DataRSAPublicKey.swift in Sources */,
				4134E05326CC2D8100F53105 /* Compressor.swift in Sources */,
				4134E07126CC2D8900F53105 /* KeyManagementMode.swift in Sources */,
				4134E06826CC2D8900F53105 /* Serializer.swift in Sources */,
				4196BB9426B4F5A2000E1096 /* AuthorizationResponse.swift in Sources */,
			);
			runOnlyForDeploymentPostprocessing = 0;
		};
		41022AD126B32AAC00F20185 /* Sources */ = {
			isa = PBXSourcesBuildPhase;
			buildActionMask = 2147483647;
			files = (
				41022ADA26B32AAC00F20185 /* Tests_iOS.swift in Sources */,
			);
			runOnlyForDeploymentPostprocessing = 0;
		};
		41022ADC26B32AAC00F20185 /* Sources */ = {
			isa = PBXSourcesBuildPhase;
			buildActionMask = 2147483647;
			files = (
				41022AE526B32AAC00F20185 /* Tests_macOS.swift in Sources */,
			);
			runOnlyForDeploymentPostprocessing = 0;
		};
/* End PBXSourcesBuildPhase section */

/* Begin PBXTargetDependency section */
		41022AD726B32AAC00F20185 /* PBXTargetDependency */ = {
			isa = PBXTargetDependency;
			target = 41022AC426B32AAC00F20185 /* GetTokens-SwiftUI (iOS) */;
			targetProxy = 41022AD626B32AAC00F20185 /* PBXContainerItemProxy */;
		};
		41022AE226B32AAC00F20185 /* PBXTargetDependency */ = {
			isa = PBXTargetDependency;
			target = 41022ACC26B32AAC00F20185 /* GetTokens-SwiftUI (macOS) */;
			targetProxy = 41022AE126B32AAC00F20185 /* PBXContainerItemProxy */;
		};
/* End PBXTargetDependency section */

/* Begin XCBuildConfiguration section */
		41022AED26B32AAC00F20185 /* Debug */ = {
			isa = XCBuildConfiguration;
			buildSettings = {
				ALWAYS_SEARCH_USER_PATHS = NO;
				CLANG_ANALYZER_NONNULL = YES;
				CLANG_ANALYZER_NUMBER_OBJECT_CONVERSION = YES_AGGRESSIVE;
				CLANG_CXX_LANGUAGE_STANDARD = "gnu++14";
				CLANG_CXX_LIBRARY = "libc++";
				CLANG_ENABLE_MODULES = YES;
				CLANG_ENABLE_OBJC_ARC = YES;
				CLANG_ENABLE_OBJC_WEAK = YES;
				CLANG_WARN_BLOCK_CAPTURE_AUTORELEASING = YES;
				CLANG_WARN_BOOL_CONVERSION = YES;
				CLANG_WARN_COMMA = YES;
				CLANG_WARN_CONSTANT_CONVERSION = YES;
				CLANG_WARN_DEPRECATED_OBJC_IMPLEMENTATIONS = YES;
				CLANG_WARN_DIRECT_OBJC_ISA_USAGE = YES_ERROR;
				CLANG_WARN_DOCUMENTATION_COMMENTS = YES;
				CLANG_WARN_EMPTY_BODY = YES;
				CLANG_WARN_ENUM_CONVERSION = YES;
				CLANG_WARN_INFINITE_RECURSION = YES;
				CLANG_WARN_INT_CONVERSION = YES;
				CLANG_WARN_NON_LITERAL_NULL_CONVERSION = YES;
				CLANG_WARN_OBJC_IMPLICIT_RETAIN_SELF = YES;
				CLANG_WARN_OBJC_LITERAL_CONVERSION = YES;
				CLANG_WARN_OBJC_ROOT_CLASS = YES_ERROR;
				CLANG_WARN_QUOTED_INCLUDE_IN_FRAMEWORK_HEADER = YES;
				CLANG_WARN_RANGE_LOOP_ANALYSIS = YES;
				CLANG_WARN_STRICT_PROTOTYPES = YES;
				CLANG_WARN_SUSPICIOUS_MOVE = YES;
				CLANG_WARN_UNGUARDED_AVAILABILITY = YES_AGGRESSIVE;
				CLANG_WARN_UNREACHABLE_CODE = YES;
				CLANG_WARN__DUPLICATE_METHOD_MATCH = YES;
				COPY_PHASE_STRIP = NO;
				DEBUG_INFORMATION_FORMAT = dwarf;
				ENABLE_STRICT_OBJC_MSGSEND = YES;
				ENABLE_TESTABILITY = YES;
				GCC_C_LANGUAGE_STANDARD = gnu11;
				GCC_DYNAMIC_NO_PIC = NO;
				GCC_NO_COMMON_BLOCKS = YES;
				GCC_OPTIMIZATION_LEVEL = 0;
				GCC_PREPROCESSOR_DEFINITIONS = (
					"DEBUG=1",
					"$(inherited)",
				);
				GCC_WARN_64_TO_32_BIT_CONVERSION = YES;
				GCC_WARN_ABOUT_RETURN_TYPE = YES_ERROR;
				GCC_WARN_UNDECLARED_SELECTOR = YES;
				GCC_WARN_UNINITIALIZED_AUTOS = YES_AGGRESSIVE;
				GCC_WARN_UNUSED_FUNCTION = YES;
				GCC_WARN_UNUSED_VARIABLE = YES;
				MTL_ENABLE_DEBUG_INFO = INCLUDE_SOURCE;
				MTL_FAST_MATH = YES;
				ONLY_ACTIVE_ARCH = YES;
				SWIFT_ACTIVE_COMPILATION_CONDITIONS = DEBUG;
				SWIFT_OPTIMIZATION_LEVEL = "-Onone";
			};
			name = Debug;
		};
		41022AEE26B32AAC00F20185 /* Release */ = {
			isa = XCBuildConfiguration;
			buildSettings = {
				ALWAYS_SEARCH_USER_PATHS = NO;
				CLANG_ANALYZER_NONNULL = YES;
				CLANG_ANALYZER_NUMBER_OBJECT_CONVERSION = YES_AGGRESSIVE;
				CLANG_CXX_LANGUAGE_STANDARD = "gnu++14";
				CLANG_CXX_LIBRARY = "libc++";
				CLANG_ENABLE_MODULES = YES;
				CLANG_ENABLE_OBJC_ARC = YES;
				CLANG_ENABLE_OBJC_WEAK = YES;
				CLANG_WARN_BLOCK_CAPTURE_AUTORELEASING = YES;
				CLANG_WARN_BOOL_CONVERSION = YES;
				CLANG_WARN_COMMA = YES;
				CLANG_WARN_CONSTANT_CONVERSION = YES;
				CLANG_WARN_DEPRECATED_OBJC_IMPLEMENTATIONS = YES;
				CLANG_WARN_DIRECT_OBJC_ISA_USAGE = YES_ERROR;
				CLANG_WARN_DOCUMENTATION_COMMENTS = YES;
				CLANG_WARN_EMPTY_BODY = YES;
				CLANG_WARN_ENUM_CONVERSION = YES;
				CLANG_WARN_INFINITE_RECURSION = YES;
				CLANG_WARN_INT_CONVERSION = YES;
				CLANG_WARN_NON_LITERAL_NULL_CONVERSION = YES;
				CLANG_WARN_OBJC_IMPLICIT_RETAIN_SELF = YES;
				CLANG_WARN_OBJC_LITERAL_CONVERSION = YES;
				CLANG_WARN_OBJC_ROOT_CLASS = YES_ERROR;
				CLANG_WARN_QUOTED_INCLUDE_IN_FRAMEWORK_HEADER = YES;
				CLANG_WARN_RANGE_LOOP_ANALYSIS = YES;
				CLANG_WARN_STRICT_PROTOTYPES = YES;
				CLANG_WARN_SUSPICIOUS_MOVE = YES;
				CLANG_WARN_UNGUARDED_AVAILABILITY = YES_AGGRESSIVE;
				CLANG_WARN_UNREACHABLE_CODE = YES;
				CLANG_WARN__DUPLICATE_METHOD_MATCH = YES;
				COPY_PHASE_STRIP = NO;
				DEBUG_INFORMATION_FORMAT = "dwarf-with-dsym";
				ENABLE_NS_ASSERTIONS = NO;
				ENABLE_STRICT_OBJC_MSGSEND = YES;
				GCC_C_LANGUAGE_STANDARD = gnu11;
				GCC_NO_COMMON_BLOCKS = YES;
				GCC_WARN_64_TO_32_BIT_CONVERSION = YES;
				GCC_WARN_ABOUT_RETURN_TYPE = YES_ERROR;
				GCC_WARN_UNDECLARED_SELECTOR = YES;
				GCC_WARN_UNINITIALIZED_AUTOS = YES_AGGRESSIVE;
				GCC_WARN_UNUSED_FUNCTION = YES;
				GCC_WARN_UNUSED_VARIABLE = YES;
				MTL_ENABLE_DEBUG_INFO = NO;
				MTL_FAST_MATH = YES;
				SWIFT_COMPILATION_MODE = wholemodule;
				SWIFT_OPTIMIZATION_LEVEL = "-O";
			};
			name = Release;
		};
		41022AF026B32AAC00F20185 /* Debug */ = {
			isa = XCBuildConfiguration;
			buildSettings = {
				ASSETCATALOG_COMPILER_APPICON_NAME = AppIcon;
				ASSETCATALOG_COMPILER_GLOBAL_ACCENT_COLOR_NAME = AccentColor;
				CODE_SIGN_STYLE = Automatic;
				DEVELOPMENT_TEAM = C4XR3G25JL;
				ENABLE_PREVIEWS = YES;
				INFOPLIST_FILE = iOS/Info.plist;
				IPHONEOS_DEPLOYMENT_TARGET = 14.5;
				LD_RUNPATH_SEARCH_PATHS = (
					"$(inherited)",
					"@executable_path/Frameworks",
				);
				PRODUCT_BUNDLE_IDENTIFIER = "com.wrmack.GetTokens-SwiftUI";
				PRODUCT_NAME = "GetTokens-SwiftUI";
				SDKROOT = iphoneos;
				SWIFT_VERSION = 5.0;
				TARGETED_DEVICE_FAMILY = "1,2";
			};
			name = Debug;
		};
		41022AF126B32AAC00F20185 /* Release */ = {
			isa = XCBuildConfiguration;
			buildSettings = {
				ASSETCATALOG_COMPILER_APPICON_NAME = AppIcon;
				ASSETCATALOG_COMPILER_GLOBAL_ACCENT_COLOR_NAME = AccentColor;
				CODE_SIGN_STYLE = Automatic;
				DEVELOPMENT_TEAM = C4XR3G25JL;
				ENABLE_PREVIEWS = YES;
				INFOPLIST_FILE = iOS/Info.plist;
				IPHONEOS_DEPLOYMENT_TARGET = 14.5;
				LD_RUNPATH_SEARCH_PATHS = (
					"$(inherited)",
					"@executable_path/Frameworks",
				);
				PRODUCT_BUNDLE_IDENTIFIER = "com.wrmack.GetTokens-SwiftUI";
				PRODUCT_NAME = "GetTokens-SwiftUI";
				SDKROOT = iphoneos;
				SWIFT_VERSION = 5.0;
				TARGETED_DEVICE_FAMILY = "1,2";
				VALIDATE_PRODUCT = YES;
			};
			name = Release;
		};
		41022AF326B32AAC00F20185 /* Debug */ = {
			isa = XCBuildConfiguration;
			buildSettings = {
				ASSETCATALOG_COMPILER_APPICON_NAME = AppIcon;
				ASSETCATALOG_COMPILER_GLOBAL_ACCENT_COLOR_NAME = AccentColor;
				CODE_SIGN_ENTITLEMENTS = macOS/macOS.entitlements;
				CODE_SIGN_STYLE = Automatic;
				COMBINE_HIDPI_IMAGES = YES;
				DEVELOPMENT_TEAM = C4XR3G25JL;
				ENABLE_HARDENED_RUNTIME = YES;
				ENABLE_PREVIEWS = YES;
				INFOPLIST_FILE = macOS/Info.plist;
				LD_RUNPATH_SEARCH_PATHS = (
					"$(inherited)",
					"@executable_path/../Frameworks",
				);
				MACOSX_DEPLOYMENT_TARGET = 11.0;
				PRODUCT_BUNDLE_IDENTIFIER = "com.wrmack.GetTokens-SwiftUI";
				PRODUCT_NAME = "GetTokens-SwiftUI";
				SDKROOT = macosx;
				SWIFT_VERSION = 5.0;
			};
			name = Debug;
		};
		41022AF426B32AAC00F20185 /* Release */ = {
			isa = XCBuildConfiguration;
			buildSettings = {
				ASSETCATALOG_COMPILER_APPICON_NAME = AppIcon;
				ASSETCATALOG_COMPILER_GLOBAL_ACCENT_COLOR_NAME = AccentColor;
				CODE_SIGN_ENTITLEMENTS = macOS/macOS.entitlements;
				CODE_SIGN_STYLE = Automatic;
				COMBINE_HIDPI_IMAGES = YES;
				DEVELOPMENT_TEAM = C4XR3G25JL;
				ENABLE_HARDENED_RUNTIME = YES;
				ENABLE_PREVIEWS = YES;
				INFOPLIST_FILE = macOS/Info.plist;
				LD_RUNPATH_SEARCH_PATHS = (
					"$(inherited)",
					"@executable_path/../Frameworks",
				);
				MACOSX_DEPLOYMENT_TARGET = 11.0;
				PRODUCT_BUNDLE_IDENTIFIER = "com.wrmack.GetTokens-SwiftUI";
				PRODUCT_NAME = "GetTokens-SwiftUI";
				SDKROOT = macosx;
				SWIFT_VERSION = 5.0;
			};
			name = Release;
		};
		41022AF626B32AAC00F20185 /* Debug */ = {
			isa = XCBuildConfiguration;
			buildSettings = {
				ALWAYS_EMBED_SWIFT_STANDARD_LIBRARIES = YES;
				CODE_SIGN_STYLE = Automatic;
				DEVELOPMENT_TEAM = C4XR3G25JL;
				INFOPLIST_FILE = "Tests iOS/Info.plist";
				IPHONEOS_DEPLOYMENT_TARGET = 14.5;
				LD_RUNPATH_SEARCH_PATHS = (
					"$(inherited)",
					"@executable_path/Frameworks",
					"@loader_path/Frameworks",
				);
				PRODUCT_BUNDLE_IDENTIFIER = "com.wrmack.Tests-iOS";
				PRODUCT_NAME = "$(TARGET_NAME)";
				SDKROOT = iphoneos;
				SWIFT_VERSION = 5.0;
				TARGETED_DEVICE_FAMILY = "1,2";
				TEST_TARGET_NAME = "GetTokens-SwiftUI (iOS)";
			};
			name = Debug;
		};
		41022AF726B32AAC00F20185 /* Release */ = {
			isa = XCBuildConfiguration;
			buildSettings = {
				ALWAYS_EMBED_SWIFT_STANDARD_LIBRARIES = YES;
				CODE_SIGN_STYLE = Automatic;
				DEVELOPMENT_TEAM = C4XR3G25JL;
				INFOPLIST_FILE = "Tests iOS/Info.plist";
				IPHONEOS_DEPLOYMENT_TARGET = 14.5;
				LD_RUNPATH_SEARCH_PATHS = (
					"$(inherited)",
					"@executable_path/Frameworks",
					"@loader_path/Frameworks",
				);
				PRODUCT_BUNDLE_IDENTIFIER = "com.wrmack.Tests-iOS";
				PRODUCT_NAME = "$(TARGET_NAME)";
				SDKROOT = iphoneos;
				SWIFT_VERSION = 5.0;
				TARGETED_DEVICE_FAMILY = "1,2";
				TEST_TARGET_NAME = "GetTokens-SwiftUI (iOS)";
				VALIDATE_PRODUCT = YES;
			};
			name = Release;
		};
		41022AF926B32AAC00F20185 /* Debug */ = {
			isa = XCBuildConfiguration;
			buildSettings = {
				ALWAYS_EMBED_SWIFT_STANDARD_LIBRARIES = YES;
				CODE_SIGN_STYLE = Automatic;
				COMBINE_HIDPI_IMAGES = YES;
				DEVELOPMENT_TEAM = C4XR3G25JL;
				INFOPLIST_FILE = "Tests macOS/Info.plist";
				LD_RUNPATH_SEARCH_PATHS = (
					"$(inherited)",
					"@executable_path/../Frameworks",
					"@loader_path/../Frameworks",
				);
				MACOSX_DEPLOYMENT_TARGET = 11.3;
				PRODUCT_BUNDLE_IDENTIFIER = "com.wrmack.Tests-macOS";
				PRODUCT_NAME = "$(TARGET_NAME)";
				SDKROOT = macosx;
				SWIFT_VERSION = 5.0;
				TEST_TARGET_NAME = "GetTokens-SwiftUI (macOS)";
			};
			name = Debug;
		};
		41022AFA26B32AAC00F20185 /* Release */ = {
			isa = XCBuildConfiguration;
			buildSettings = {
				ALWAYS_EMBED_SWIFT_STANDARD_LIBRARIES = YES;
				CODE_SIGN_STYLE = Automatic;
				COMBINE_HIDPI_IMAGES = YES;
				DEVELOPMENT_TEAM = C4XR3G25JL;
				INFOPLIST_FILE = "Tests macOS/Info.plist";
				LD_RUNPATH_SEARCH_PATHS = (
					"$(inherited)",
					"@executable_path/../Frameworks",
					"@loader_path/../Frameworks",
				);
				MACOSX_DEPLOYMENT_TARGET = 11.3;
				PRODUCT_BUNDLE_IDENTIFIER = "com.wrmack.Tests-macOS";
				PRODUCT_NAME = "$(TARGET_NAME)";
				SDKROOT = macosx;
				SWIFT_VERSION = 5.0;
				TEST_TARGET_NAME = "GetTokens-SwiftUI (macOS)";
			};
			name = Release;
		};
/* End XCBuildConfiguration section */

/* Begin XCConfigurationList section */
		41022ABC26B32AAA00F20185 /* Build configuration list for PBXProject "Get tokens" */ = {
			isa = XCConfigurationList;
			buildConfigurations = (
				41022AED26B32AAC00F20185 /* Debug */,
				41022AEE26B32AAC00F20185 /* Release */,
			);
			defaultConfigurationIsVisible = 0;
			defaultConfigurationName = Release;
		};
		41022AEF26B32AAC00F20185 /* Build configuration list for PBXNativeTarget "GetTokens-SwiftUI (iOS)" */ = {
			isa = XCConfigurationList;
			buildConfigurations = (
				41022AF026B32AAC00F20185 /* Debug */,
				41022AF126B32AAC00F20185 /* Release */,
			);
			defaultConfigurationIsVisible = 0;
			defaultConfigurationName = Release;
		};
		41022AF226B32AAC00F20185 /* Build configuration list for PBXNativeTarget "GetTokens-SwiftUI (macOS)" */ = {
			isa = XCConfigurationList;
			buildConfigurations = (
				41022AF326B32AAC00F20185 /* Debug */,
				41022AF426B32AAC00F20185 /* Release */,
			);
			defaultConfigurationIsVisible = 0;
			defaultConfigurationName = Release;
		};
		41022AF526B32AAC00F20185 /* Build configuration list for PBXNativeTarget "Tests iOS" */ = {
			isa = XCConfigurationList;
			buildConfigurations = (
				41022AF626B32AAC00F20185 /* Debug */,
				41022AF726B32AAC00F20185 /* Release */,
			);
			defaultConfigurationIsVisible = 0;
			defaultConfigurationName = Release;
		};
		41022AF826B32AAC00F20185 /* Build configuration list for PBXNativeTarget "Tests macOS" */ = {
			isa = XCConfigurationList;
			buildConfigurations = (
				41022AF926B32AAC00F20185 /* Debug */,
				41022AFA26B32AAC00F20185 /* Release */,
			);
			defaultConfigurationIsVisible = 0;
			defaultConfigurationName = Release;
		};
/* End XCConfigurationList section */
	};
	rootObject = 41022AB926B32AAA00F20185 /* Project object */;
}
